// !$*UTF8*$!
{
	archiveVersion = 1;
	classes = {
	};
	objectVersion = 46;
	objects = {

/* Begin PBXBuildFile section */
		034E15FC1C7C9ED0004AD878 /* AppDelegate.swift in Sources */ = {isa = PBXBuildFile; fileRef = 034E15FB1C7C9ED0004AD878 /* AppDelegate.swift */; };
		034E16011C7C9F9D004AD878 /* FiltersViewController.swift in Sources */ = {isa = PBXBuildFile; fileRef = 034E15FD1C7C9F9D004AD878 /* FiltersViewController.swift */; };
		034E16031C7C9F9D004AD878 /* MapViewController.swift in Sources */ = {isa = PBXBuildFile; fileRef = 034E15FF1C7C9F9D004AD878 /* MapViewController.swift */; };
		034E16061C7CAC1F004AD878 /* FilterViewCell.swift in Sources */ = {isa = PBXBuildFile; fileRef = 034E16051C7CAC1F004AD878 /* FilterViewCell.swift */; };
		037715BF1C85F00000303162 /* Church.swift in Sources */ = {isa = PBXBuildFile; fileRef = 037715BE1C85F00000303162 /* Church.swift */; };
		037F2EFC1C61000000E971DB /* Main.storyboard in Resources */ = {isa = PBXBuildFile; fileRef = 037F2EFA1C61000000E971DB /* Main.storyboard */; };
		037F2F011C61000000E971DB /* LaunchScreen.xib in Resources */ = {isa = PBXBuildFile; fileRef = 037F2EFF1C61000000E971DB /* LaunchScreen.xib */; };
		037F2F171C6106A600E971DB /* ListViewController.swift in Sources */ = {isa = PBXBuildFile; fileRef = 037F2F161C6106A600E971DB /* ListViewController.swift */; };
		037F2F191C61087400E971DB /* ChurchListCell.swift in Sources */ = {isa = PBXBuildFile; fileRef = 037F2F181C61087400E971DB /* ChurchListCell.swift */; };
		0F16D5891CAABB1600E6C7AD /* cellguides.png in Resources */ = {isa = PBXBuildFile; fileRef = 0F16D5881CAABB1600E6C7AD /* cellguides.png */; };
		0F16D58B1CAACA7400E6C7AD /* dummyphoto.png in Resources */ = {isa = PBXBuildFile; fileRef = 0F16D58A1CAACA7400E6C7AD /* dummyphoto.png */; };
		0F2028181C7F55FD00AFC9AA /* Data.swift in Sources */ = {isa = PBXBuildFile; fileRef = 0F2028171C7F55FD00AFC9AA /* Data.swift */; };
		0F2028191C7F55FD00AFC9AA /* Data.swift in Sources */ = {isa = PBXBuildFile; fileRef = 0F2028171C7F55FD00AFC9AA /* Data.swift */; };
		0F20281E1C7F563F00AFC9AA /* Constants.swift in Sources */ = {isa = PBXBuildFile; fileRef = 0F20281D1C7F563F00AFC9AA /* Constants.swift */; };
		0F2028231C7F81AE00AFC9AA /* DataTests.swift in Sources */ = {isa = PBXBuildFile; fileRef = 0F2028221C7F81AE00AFC9AA /* DataTests.swift */; };
		0F2028241C7F972000AFC9AA /* Constants.swift in Sources */ = {isa = PBXBuildFile; fileRef = 0F20281D1C7F563F00AFC9AA /* Constants.swift */; };
		0F34BFCD1CBC596B007F57F1 /* FilterByListController.swift in Sources */ = {isa = PBXBuildFile; fileRef = 0F34BFCC1CBC596B007F57F1 /* FilterByListController.swift */; };
		0F4B90361CBDA4DE00C870A9 /* DetailedViewController.swift in Sources */ = {isa = PBXBuildFile; fileRef = 0F4B90351CBDA4DE00C870A9 /* DetailedViewController.swift */; };
		0F4B90381CBDAB5800C870A9 /* star_circle in Resources */ = {isa = PBXBuildFile; fileRef = 0F4B90371CBDAB5800C870A9 /* star_circle */; };
		0F4B90411CBDDA8300C870A9 /* DetailedMapCell.swift in Sources */ = {isa = PBXBuildFile; fileRef = 0F4B903F1CBDDA8300C870A9 /* DetailedMapCell.swift */; };
		0F4B90421CBDDA8300C870A9 /* DetailedMetaCell.swift in Sources */ = {isa = PBXBuildFile; fileRef = 0F4B90401CBDDA8300C870A9 /* DetailedMetaCell.swift */; };
		0F4B90471CBE228000C870A9 /* compass_icon.png in Resources */ = {isa = PBXBuildFile; fileRef = 0F4B90431CBE228000C870A9 /* compass_icon.png */; };
		0F4B90481CBE228000C870A9 /* info_icon.png in Resources */ = {isa = PBXBuildFile; fileRef = 0F4B90441CBE228000C870A9 /* info_icon.png */; };
		0F4B90491CBE228000C870A9 /* music_icon.png in Resources */ = {isa = PBXBuildFile; fileRef = 0F4B90451CBE228000C870A9 /* music_icon.png */; };
		0F4B904A1CBE228000C870A9 /* time_icon.png in Resources */ = {isa = PBXBuildFile; fileRef = 0F4B90461CBE228000C870A9 /* time_icon.png */; };
		0F4B904D1CBE2ED900C870A9 /* share_icon.png in Resources */ = {isa = PBXBuildFile; fileRef = 0F4B904B1CBE2ED900C870A9 /* share_icon.png */; };
		0F4B904E1CBE2ED900C870A9 /* www_icon.png in Resources */ = {isa = PBXBuildFile; fileRef = 0F4B904C1CBE2ED900C870A9 /* www_icon.png */; };
		0F4B90501CBE372F00C870A9 /* location_icon.png in Resources */ = {isa = PBXBuildFile; fileRef = 0F4B904F1CBE372F00C870A9 /* location_icon.png */; };
		0F4DACC21CBB396100C4D25B /* FilterListCell.swift in Sources */ = {isa = PBXBuildFile; fileRef = 0F4DACC11CBB396100C4D25B /* FilterListCell.swift */; };
		0FA844271CC5A4CB00A6B1FA /* location_icon_22.png in Resources */ = {isa = PBXBuildFile; fileRef = 0FA844261CC5A4CB00A6B1FA /* location_icon_22.png */; };
		0FA844291CC5A4D700A6B1FA /* location_icon_44.png in Resources */ = {isa = PBXBuildFile; fileRef = 0FA844281CC5A4D700A6B1FA /* location_icon_44.png */; };
		0FC57AB91C873550009AA565 /* Church.swift in Sources */ = {isa = PBXBuildFile; fileRef = 037715BE1C85F00000303162 /* Church.swift */; };
		0FCB75211CD3355300CFE2DB /* AppIcon.appiconset in Resources */ = {isa = PBXBuildFile; fileRef = 0FCB75201CD3355300CFE2DB /* AppIcon.appiconset */; };
		0FCB75231CD335F600CFE2DB /* Images-4.xcassets in Resources */ = {isa = PBXBuildFile; fileRef = 0FCB75221CD335F600CFE2DB /* Images-4.xcassets */; };
		0FD0DDCC1CC51DB800E4C888 /* ChurchListCellWithStar.swift in Sources */ = {isa = PBXBuildFile; fileRef = 0FD0DDC81CC51DB800E4C888 /* ChurchListCellWithStar.swift */; };
		0FD0DDCD1CC51DB800E4C888 /* FilterByTimeController.swift in Sources */ = {isa = PBXBuildFile; fileRef = 0FD0DDC91CC51DB800E4C888 /* FilterByTimeController.swift */; };
		0FD0DDCE1CC51DB800E4C888 /* star_white.png in Resources */ = {isa = PBXBuildFile; fileRef = 0FD0DDCA1CC51DB800E4C888 /* star_white.png */; };
		0FD0DDCF1CC51DB800E4C888 /* phone_icon.png in Resources */ = {isa = PBXBuildFile; fileRef = 0FD0DDCB1CC51DB800E4C888 /* phone_icon.png */; };
		0FD0DDD31CC51DFC00E4C888 /* FilterTimesToggleCell.swift in Sources */ = {isa = PBXBuildFile; fileRef = 0FD0DDD21CC51DFB00E4C888 /* FilterTimesToggleCell.swift */; };
		0FD0DDD51CC51E5000E4C888 /* gcc.gpx in Resources */ = {isa = PBXBuildFile; fileRef = 0FD0DDD41CC51E5000E4C888 /* gcc.gpx */; };
		0FD91FA41CC4202D00EAA5C9 /* (null) in Sources */ = {isa = PBXBuildFile; };
		0FEED92F1CC161A600D42EDF /* (null) in Resources */ = {isa = PBXBuildFile; };
		26BEC0DE1C94DFE400AB2AF2 /* bookmarkStarBlue.png in Resources */ = {isa = PBXBuildFile; fileRef = 26BEC0DC1C94DFE300AB2AF2 /* bookmarkStarBlue.png */; };
		26BEC0DF1C94DFE400AB2AF2 /* bookmarkStarRed.png in Resources */ = {isa = PBXBuildFile; fileRef = 26BEC0DD1C94DFE400AB2AF2 /* bookmarkStarRed.png */; };
		26BEC0E11C94ECAA00AB2AF2 /* ChurchAnnotations.swift in Sources */ = {isa = PBXBuildFile; fileRef = 26BEC0E01C94ECA900AB2AF2 /* ChurchAnnotations.swift */; };
		26C0BB7D1CC65828006DAFE6 /* MiniChurch.swift in Sources */ = {isa = PBXBuildFile; fileRef = 26C0BB7C1CC65828006DAFE6 /* MiniChurch.swift */; };
		26C0BB841CC6588C006DAFE6 /* Interface.storyboard in Resources */ = {isa = PBXBuildFile; fileRef = 26C0BB821CC6588C006DAFE6 /* Interface.storyboard */; };
		26C0BB861CC6588C006DAFE6 /* Assets.xcassets in Resources */ = {isa = PBXBuildFile; fileRef = 26C0BB851CC6588C006DAFE6 /* Assets.xcassets */; };
		26C0BB8D1CC6588C006DAFE6 /* ChurchWatch Extension.appex in Embed App Extensions */ = {isa = PBXBuildFile; fileRef = 26C0BB8C1CC6588C006DAFE6 /* ChurchWatch Extension.appex */; settings = {ATTRIBUTES = (RemoveHeadersOnCopy, ); }; };
		26C0BB941CC6588C006DAFE6 /* ExtensionDelegate.swift in Sources */ = {isa = PBXBuildFile; fileRef = 26C0BB931CC6588C006DAFE6 /* ExtensionDelegate.swift */; };
		26C0BB961CC6588C006DAFE6 /* Assets.xcassets in Resources */ = {isa = PBXBuildFile; fileRef = 26C0BB951CC6588C006DAFE6 /* Assets.xcassets */; };
		26C0BB9A1CC6588C006DAFE6 /* ChurchWatch.app in Embed Watch Content */ = {isa = PBXBuildFile; fileRef = 26C0BB801CC6588B006DAFE6 /* ChurchWatch.app */; };
		26C0BBA71CC658F7006DAFE6 /* BookmarkInterfaceController.swift in Sources */ = {isa = PBXBuildFile; fileRef = 26C0BBA31CC658F7006DAFE6 /* BookmarkInterfaceController.swift */; };
		26C0BBA81CC658F7006DAFE6 /* ChurchRowController.swift in Sources */ = {isa = PBXBuildFile; fileRef = 26C0BBA41CC658F7006DAFE6 /* ChurchRowController.swift */; };
		26C0BBA91CC658F7006DAFE6 /* DetailInterfaceController.swift in Sources */ = {isa = PBXBuildFile; fileRef = 26C0BBA51CC658F7006DAFE6 /* DetailInterfaceController.swift */; };
		26C0BBAA1CC658F7006DAFE6 /* MapInterfaceController.swift in Sources */ = {isa = PBXBuildFile; fileRef = 26C0BBA61CC658F7006DAFE6 /* MapInterfaceController.swift */; };
		26C0BBAB1CC65912006DAFE6 /* MiniChurch.swift in Sources */ = {isa = PBXBuildFile; fileRef = 26C0BB7C1CC65828006DAFE6 /* MiniChurch.swift */; };
		26C57E121CD17B360018C49E /* bars2.png in Resources */ = {isa = PBXBuildFile; fileRef = 26C57E101CD17B350018C49E /* bars2.png */; };
		26C57E131CD17B360018C49E /* church_icon.png in Resources */ = {isa = PBXBuildFile; fileRef = 26C57E111CD17B360018C49E /* church_icon.png */; };
		3729A8671C8523B3000AF907 /* BookmarksViewController.swift in Sources */ = {isa = PBXBuildFile; fileRef = 3729A8661C8523B3000AF907 /* BookmarksViewController.swift */; };
		373719C61C7C1EEF001A21B0 /* libsqlite3.tbd in Frameworks */ = {isa = PBXBuildFile; fileRef = 37FE8D431C6E213E00482663 /* libsqlite3.tbd */; };
		373719C71C7C1EEF001A21B0 /* libz.tbd in Frameworks */ = {isa = PBXBuildFile; fileRef = 37FE8D411C6E213400482663 /* libz.tbd */; };
		373719C81C7C1EEF001A21B0 /* SystemConfiguration.framework in Frameworks */ = {isa = PBXBuildFile; fileRef = 37FE8D3F1C6E211B00482663 /* SystemConfiguration.framework */; };
		373719C91C7C1EEF001A21B0 /* StoreKit.framework in Frameworks */ = {isa = PBXBuildFile; fileRef = 37FE8D3D1C6E210F00482663 /* StoreKit.framework */; };
		373719CA1C7C1EEF001A21B0 /* Security.framework in Frameworks */ = {isa = PBXBuildFile; fileRef = 37FE8D3B1C6E210800482663 /* Security.framework */; };
		373719CB1C7C1EEF001A21B0 /* QuartzCore.framework in Frameworks */ = {isa = PBXBuildFile; fileRef = 37FE8D391C6E20FF00482663 /* QuartzCore.framework */; };
		373719CC1C7C1EEF001A21B0 /* CoreLocation.framework in Frameworks */ = {isa = PBXBuildFile; fileRef = 37FE8D371C6E20F600482663 /* CoreLocation.framework */; };
		373719CD1C7C1EEF001A21B0 /* CoreGraphics.framework in Frameworks */ = {isa = PBXBuildFile; fileRef = 37FE8D351C6E20EA00482663 /* CoreGraphics.framework */; };
		373719CE1C7C1EEF001A21B0 /* CFNetwork.framework in Frameworks */ = {isa = PBXBuildFile; fileRef = 37FE8D331C6E20E400482663 /* CFNetwork.framework */; };
		373719CF1C7C1EEF001A21B0 /* AudioToolbox.framework in Frameworks */ = {isa = PBXBuildFile; fileRef = 37FE8D311C6E20D500482663 /* AudioToolbox.framework */; };
		37426F0D1CBDF4EB00003AE1 /* Bolts.framework in Frameworks */ = {isa = PBXBuildFile; fileRef = 37426F071CBDF4EB00003AE1 /* Bolts.framework */; };
		37426F0E1CBDF4EB00003AE1 /* Parse.framework in Frameworks */ = {isa = PBXBuildFile; fileRef = 37426F081CBDF4EB00003AE1 /* Parse.framework */; };
		37426F0F1CBDF4EB00003AE1 /* ParseFacebookUtils.framework in Frameworks */ = {isa = PBXBuildFile; fileRef = 37426F091CBDF4EB00003AE1 /* ParseFacebookUtils.framework */; };
		37426F101CBDF4EB00003AE1 /* ParseFacebookUtilsV4.framework in Frameworks */ = {isa = PBXBuildFile; fileRef = 37426F0A1CBDF4EB00003AE1 /* ParseFacebookUtilsV4.framework */; };
		37426F111CBDF4EB00003AE1 /* ParseTwitterUtils.framework in Frameworks */ = {isa = PBXBuildFile; fileRef = 37426F0B1CBDF4EB00003AE1 /* ParseTwitterUtils.framework */; };
		37426F121CBDF4EB00003AE1 /* ParseUI.framework in Frameworks */ = {isa = PBXBuildFile; fileRef = 37426F0C1CBDF4EB00003AE1 /* ParseUI.framework */; };
		37621F2B1C8FE14C004DED9C /* BookmarksViewTests.swift in Sources */ = {isa = PBXBuildFile; fileRef = 37621F291C8FE14C004DED9C /* BookmarksViewTests.swift */; };
		37621F2C1C8FE14C004DED9C /* ListViewTests.swift in Sources */ = {isa = PBXBuildFile; fileRef = 37621F2A1C8FE14C004DED9C /* ListViewTests.swift */; };
		377135191CB350D600FA5CD1 /* BookmarksBarViewController.swift in Sources */ = {isa = PBXBuildFile; fileRef = 377135181CB350D600FA5CD1 /* BookmarksBarViewController.swift */; };
		37A5D2AF1CBB1AEC00CF3309 /* TopBarViewTests.swift in Sources */ = {isa = PBXBuildFile; fileRef = 37A5D2AE1CBB1AEC00CF3309 /* TopBarViewTests.swift */; };
		37F0B4341C978C9B00DA821A /* TopBarViewController.swift in Sources */ = {isa = PBXBuildFile; fileRef = 37F0B4331C978C9B00DA821A /* TopBarViewController.swift */; };
		37FE8D321C6E20D500482663 /* AudioToolbox.framework in Frameworks */ = {isa = PBXBuildFile; fileRef = 37FE8D311C6E20D500482663 /* AudioToolbox.framework */; };
		37FE8D341C6E20E400482663 /* CFNetwork.framework in Frameworks */ = {isa = PBXBuildFile; fileRef = 37FE8D331C6E20E400482663 /* CFNetwork.framework */; };
		37FE8D361C6E20EA00482663 /* CoreGraphics.framework in Frameworks */ = {isa = PBXBuildFile; fileRef = 37FE8D351C6E20EA00482663 /* CoreGraphics.framework */; };
		37FE8D381C6E20F600482663 /* CoreLocation.framework in Frameworks */ = {isa = PBXBuildFile; fileRef = 37FE8D371C6E20F600482663 /* CoreLocation.framework */; };
		37FE8D3A1C6E20FF00482663 /* QuartzCore.framework in Frameworks */ = {isa = PBXBuildFile; fileRef = 37FE8D391C6E20FF00482663 /* QuartzCore.framework */; };
		37FE8D3C1C6E210800482663 /* Security.framework in Frameworks */ = {isa = PBXBuildFile; fileRef = 37FE8D3B1C6E210800482663 /* Security.framework */; };
		37FE8D3E1C6E210F00482663 /* StoreKit.framework in Frameworks */ = {isa = PBXBuildFile; fileRef = 37FE8D3D1C6E210F00482663 /* StoreKit.framework */; };
		37FE8D401C6E211B00482663 /* SystemConfiguration.framework in Frameworks */ = {isa = PBXBuildFile; fileRef = 37FE8D3F1C6E211B00482663 /* SystemConfiguration.framework */; };
		37FE8D421C6E213400482663 /* libz.tbd in Frameworks */ = {isa = PBXBuildFile; fileRef = 37FE8D411C6E213400482663 /* libz.tbd */; };
		37FE8D441C6E213E00482663 /* libsqlite3.tbd in Frameworks */ = {isa = PBXBuildFile; fileRef = 37FE8D431C6E213E00482663 /* libsqlite3.tbd */; };
		75EA093F1C82278000EC90F2 /* FilterTableViewControllerTests.swift in Sources */ = {isa = PBXBuildFile; fileRef = 75EA093E1C82278000EC90F2 /* FilterTableViewControllerTests.swift */; };
		75EA09971C85F66100EC90F2 /* DetailedViewControllerTests.swift in Sources */ = {isa = PBXBuildFile; fileRef = 75EA09961C85F66100EC90F2 /* DetailedViewControllerTests.swift */; };
		75F4D80E1C8FE474003B7E66 /* MapViewControllerTests.swift in Sources */ = {isa = PBXBuildFile; fileRef = 75F4D80D1C8FE474003B7E66 /* MapViewControllerTests.swift */; };
		75F7C62E1C8D1DF500FEF740 /* meta_addr.png in Resources */ = {isa = PBXBuildFile; fileRef = 75F7C6221C8D1DF500FEF740 /* meta_addr.png */; };
		75F7C62F1C8D1DF500FEF740 /* meta_addr.png in Resources */ = {isa = PBXBuildFile; fileRef = 75F7C6221C8D1DF500FEF740 /* meta_addr.png */; };
		75F7C6301C8D1DF500FEF740 /* meta_addr.png in Resources */ = {isa = PBXBuildFile; fileRef = 75F7C6221C8D1DF500FEF740 /* meta_addr.png */; };
		75F7C6311C8D1DF500FEF740 /* detailed_back.png in Resources */ = {isa = PBXBuildFile; fileRef = 75F7C6231C8D1DF500FEF740 /* detailed_back.png */; };
		75F7C6321C8D1DF500FEF740 /* detailed_back.png in Resources */ = {isa = PBXBuildFile; fileRef = 75F7C6231C8D1DF500FEF740 /* detailed_back.png */; };
		75F7C6331C8D1DF500FEF740 /* detailed_back.png in Resources */ = {isa = PBXBuildFile; fileRef = 75F7C6231C8D1DF500FEF740 /* detailed_back.png */; };
		75F7C6371C8D1DF500FEF740 /* meta_times.png in Resources */ = {isa = PBXBuildFile; fileRef = 75F7C6251C8D1DF500FEF740 /* meta_times.png */; };
		75F7C6381C8D1DF500FEF740 /* meta_times.png in Resources */ = {isa = PBXBuildFile; fileRef = 75F7C6251C8D1DF500FEF740 /* meta_times.png */; };
		75F7C6391C8D1DF500FEF740 /* meta_times.png in Resources */ = {isa = PBXBuildFile; fileRef = 75F7C6251C8D1DF500FEF740 /* meta_times.png */; };
		75F7C63A1C8D1DF500FEF740 /* action_nav.png in Resources */ = {isa = PBXBuildFile; fileRef = 75F7C6261C8D1DF500FEF740 /* action_nav.png */; };
		75F7C63B1C8D1DF500FEF740 /* action_nav.png in Resources */ = {isa = PBXBuildFile; fileRef = 75F7C6261C8D1DF500FEF740 /* action_nav.png */; };
		75F7C63C1C8D1DF500FEF740 /* action_nav.png in Resources */ = {isa = PBXBuildFile; fileRef = 75F7C6261C8D1DF500FEF740 /* action_nav.png */; };
		75F7C63D1C8D1DF500FEF740 /* meta_desc.png in Resources */ = {isa = PBXBuildFile; fileRef = 75F7C6271C8D1DF500FEF740 /* meta_desc.png */; };
		75F7C63E1C8D1DF500FEF740 /* meta_desc.png in Resources */ = {isa = PBXBuildFile; fileRef = 75F7C6271C8D1DF500FEF740 /* meta_desc.png */; };
		75F7C63F1C8D1DF500FEF740 /* meta_desc.png in Resources */ = {isa = PBXBuildFile; fileRef = 75F7C6271C8D1DF500FEF740 /* meta_desc.png */; };
		75F7C6401C8D1DF500FEF740 /* meta_style.png in Resources */ = {isa = PBXBuildFile; fileRef = 75F7C6281C8D1DF500FEF740 /* meta_style.png */; };
		75F7C6411C8D1DF500FEF740 /* meta_style.png in Resources */ = {isa = PBXBuildFile; fileRef = 75F7C6281C8D1DF500FEF740 /* meta_style.png */; };
		75F7C6421C8D1DF500FEF740 /* meta_style.png in Resources */ = {isa = PBXBuildFile; fileRef = 75F7C6281C8D1DF500FEF740 /* meta_style.png */; };
		75F7C6431C8D1DF500FEF740 /* action_share.png in Resources */ = {isa = PBXBuildFile; fileRef = 75F7C6291C8D1DF500FEF740 /* action_share.png */; };
		75F7C6441C8D1DF500FEF740 /* action_share.png in Resources */ = {isa = PBXBuildFile; fileRef = 75F7C6291C8D1DF500FEF740 /* action_share.png */; };
		75F7C6451C8D1DF500FEF740 /* action_share.png in Resources */ = {isa = PBXBuildFile; fileRef = 75F7C6291C8D1DF500FEF740 /* action_share.png */; };
		75F7C6491C8D1DF500FEF740 /* star.png in Resources */ = {isa = PBXBuildFile; fileRef = 75F7C62B1C8D1DF500FEF740 /* star.png */; };
		75F7C64A1C8D1DF500FEF740 /* star.png in Resources */ = {isa = PBXBuildFile; fileRef = 75F7C62B1C8D1DF500FEF740 /* star.png */; };
		75F7C64B1C8D1DF500FEF740 /* star.png in Resources */ = {isa = PBXBuildFile; fileRef = 75F7C62B1C8D1DF500FEF740 /* star.png */; };
		75F7C64C1C8D1DF500FEF740 /* action_website.png in Resources */ = {isa = PBXBuildFile; fileRef = 75F7C62C1C8D1DF500FEF740 /* action_website.png */; };
		75F7C64D1C8D1DF500FEF740 /* action_website.png in Resources */ = {isa = PBXBuildFile; fileRef = 75F7C62C1C8D1DF500FEF740 /* action_website.png */; };
		75F7C64E1C8D1DF500FEF740 /* action_website.png in Resources */ = {isa = PBXBuildFile; fileRef = 75F7C62C1C8D1DF500FEF740 /* action_website.png */; };
/* End PBXBuildFile section */

/* Begin PBXContainerItemProxy section */
		037F2F071C61000000E971DB /* PBXContainerItemProxy */ = {
			isa = PBXContainerItemProxy;
			containerPortal = 037F2EE71C61000000E971DB /* Project object */;
			proxyType = 1;
			remoteGlobalIDString = 037F2EEE1C61000000E971DB;
			remoteInfo = ChurchFinder;
		};
		26C0BB8E1CC6588C006DAFE6 /* PBXContainerItemProxy */ = {
			isa = PBXContainerItemProxy;
			containerPortal = 037F2EE71C61000000E971DB /* Project object */;
			proxyType = 1;
			remoteGlobalIDString = 26C0BB8B1CC6588C006DAFE6;
			remoteInfo = "ChurchWatch Extension";
		};
		26C0BB981CC6588C006DAFE6 /* PBXContainerItemProxy */ = {
			isa = PBXContainerItemProxy;
			containerPortal = 037F2EE71C61000000E971DB /* Project object */;
			proxyType = 1;
			remoteGlobalIDString = 26C0BB7F1CC6588B006DAFE6;
			remoteInfo = ChurchWatch;
		};
		75EA09391C82271300EC90F2 /* PBXContainerItemProxy */ = {
			isa = PBXContainerItemProxy;
			containerPortal = 037F2EE71C61000000E971DB /* Project object */;
			proxyType = 1;
			remoteGlobalIDString = 037F2EEE1C61000000E971DB;
			remoteInfo = ChurchFinder;
		};
/* End PBXContainerItemProxy section */

/* Begin PBXCopyFilesBuildPhase section */
		26C0BB9E1CC6588C006DAFE6 /* Embed App Extensions */ = {
			isa = PBXCopyFilesBuildPhase;
			buildActionMask = 2147483647;
			dstPath = "";
			dstSubfolderSpec = 13;
			files = (
				26C0BB8D1CC6588C006DAFE6 /* ChurchWatch Extension.appex in Embed App Extensions */,
			);
			name = "Embed App Extensions";
			runOnlyForDeploymentPostprocessing = 0;
		};
		26C0BBA21CC6588C006DAFE6 /* Embed Watch Content */ = {
			isa = PBXCopyFilesBuildPhase;
			buildActionMask = 2147483647;
			dstPath = "$(CONTENTS_FOLDER_PATH)/Watch";
			dstSubfolderSpec = 16;
			files = (
				26C0BB9A1CC6588C006DAFE6 /* ChurchWatch.app in Embed Watch Content */,
			);
			name = "Embed Watch Content";
			runOnlyForDeploymentPostprocessing = 0;
		};
/* End PBXCopyFilesBuildPhase section */

/* Begin PBXFileReference section */
		034E15FB1C7C9ED0004AD878 /* AppDelegate.swift */ = {isa = PBXFileReference; fileEncoding = 4; lastKnownFileType = sourcecode.swift; path = AppDelegate.swift; sourceTree = "<group>"; };
		034E15FD1C7C9F9D004AD878 /* FiltersViewController.swift */ = {isa = PBXFileReference; fileEncoding = 4; lastKnownFileType = sourcecode.swift; path = FiltersViewController.swift; sourceTree = "<group>"; };
		034E15FF1C7C9F9D004AD878 /* MapViewController.swift */ = {isa = PBXFileReference; fileEncoding = 4; lastKnownFileType = sourcecode.swift; path = MapViewController.swift; sourceTree = "<group>"; };
		034E16051C7CAC1F004AD878 /* FilterViewCell.swift */ = {isa = PBXFileReference; fileEncoding = 4; lastKnownFileType = sourcecode.swift; path = FilterViewCell.swift; sourceTree = "<group>"; };
		037715BE1C85F00000303162 /* Church.swift */ = {isa = PBXFileReference; fileEncoding = 4; lastKnownFileType = sourcecode.swift; path = Church.swift; sourceTree = "<group>"; };
		037F2EEF1C61000000E971DB /* ChurchFinder.app */ = {isa = PBXFileReference; explicitFileType = wrapper.application; includeInIndex = 0; path = ChurchFinder.app; sourceTree = BUILT_PRODUCTS_DIR; };
		037F2EF31C61000000E971DB /* Info.plist */ = {isa = PBXFileReference; lastKnownFileType = text.plist.xml; path = Info.plist; sourceTree = "<group>"; };
		037F2EFB1C61000000E971DB /* Base */ = {isa = PBXFileReference; lastKnownFileType = file.storyboard; name = Base; path = Base.lproj/Main.storyboard; sourceTree = "<group>"; };
		037F2F001C61000000E971DB /* Base */ = {isa = PBXFileReference; lastKnownFileType = file.xib; name = Base; path = Base.lproj/LaunchScreen.xib; sourceTree = "<group>"; };
		037F2F061C61000000E971DB /* ChurchFinderTests.xctest */ = {isa = PBXFileReference; explicitFileType = wrapper.cfbundle; includeInIndex = 0; path = ChurchFinderTests.xctest; sourceTree = BUILT_PRODUCTS_DIR; };
		037F2F0B1C61000000E971DB /* Info.plist */ = {isa = PBXFileReference; lastKnownFileType = text.plist.xml; path = Info.plist; sourceTree = "<group>"; };
		037F2F161C6106A600E971DB /* ListViewController.swift */ = {isa = PBXFileReference; fileEncoding = 4; lastKnownFileType = sourcecode.swift; path = ListViewController.swift; sourceTree = "<group>"; };
		037F2F181C61087400E971DB /* ChurchListCell.swift */ = {isa = PBXFileReference; fileEncoding = 4; lastKnownFileType = sourcecode.swift; path = ChurchListCell.swift; sourceTree = "<group>"; };
		0F16D5881CAABB1600E6C7AD /* cellguides.png */ = {isa = PBXFileReference; lastKnownFileType = image.png; path = cellguides.png; sourceTree = "<group>"; };
		0F16D58A1CAACA7400E6C7AD /* dummyphoto.png */ = {isa = PBXFileReference; lastKnownFileType = image.png; path = dummyphoto.png; sourceTree = "<group>"; };
		0F2028171C7F55FD00AFC9AA /* Data.swift */ = {isa = PBXFileReference; fileEncoding = 4; lastKnownFileType = sourcecode.swift; path = Data.swift; sourceTree = "<group>"; };
		0F20281D1C7F563F00AFC9AA /* Constants.swift */ = {isa = PBXFileReference; fileEncoding = 4; lastKnownFileType = sourcecode.swift; path = Constants.swift; sourceTree = "<group>"; };
		0F2028221C7F81AE00AFC9AA /* DataTests.swift */ = {isa = PBXFileReference; fileEncoding = 4; lastKnownFileType = sourcecode.swift; path = DataTests.swift; sourceTree = "<group>"; };
		0F34BFCC1CBC596B007F57F1 /* FilterByListController.swift */ = {isa = PBXFileReference; fileEncoding = 4; lastKnownFileType = sourcecode.swift; path = FilterByListController.swift; sourceTree = "<group>"; };
		0F4B90351CBDA4DE00C870A9 /* DetailedViewController.swift */ = {isa = PBXFileReference; fileEncoding = 4; lastKnownFileType = sourcecode.swift; path = DetailedViewController.swift; sourceTree = "<group>"; };
		0F4B90371CBDAB5800C870A9 /* star_circle */ = {isa = PBXFileReference; lastKnownFileType = file; path = star_circle; sourceTree = "<group>"; };
		0F4B903F1CBDDA8300C870A9 /* DetailedMapCell.swift */ = {isa = PBXFileReference; fileEncoding = 4; lastKnownFileType = sourcecode.swift; path = DetailedMapCell.swift; sourceTree = "<group>"; };
		0F4B90401CBDDA8300C870A9 /* DetailedMetaCell.swift */ = {isa = PBXFileReference; fileEncoding = 4; lastKnownFileType = sourcecode.swift; path = DetailedMetaCell.swift; sourceTree = "<group>"; };
		0F4B90431CBE228000C870A9 /* compass_icon.png */ = {isa = PBXFileReference; lastKnownFileType = image.png; path = compass_icon.png; sourceTree = "<group>"; };
		0F4B90441CBE228000C870A9 /* info_icon.png */ = {isa = PBXFileReference; lastKnownFileType = image.png; path = info_icon.png; sourceTree = "<group>"; };
		0F4B90451CBE228000C870A9 /* music_icon.png */ = {isa = PBXFileReference; lastKnownFileType = image.png; path = music_icon.png; sourceTree = "<group>"; };
		0F4B90461CBE228000C870A9 /* time_icon.png */ = {isa = PBXFileReference; lastKnownFileType = image.png; path = time_icon.png; sourceTree = "<group>"; };
		0F4B904B1CBE2ED900C870A9 /* share_icon.png */ = {isa = PBXFileReference; lastKnownFileType = image.png; path = share_icon.png; sourceTree = "<group>"; };
		0F4B904C1CBE2ED900C870A9 /* www_icon.png */ = {isa = PBXFileReference; lastKnownFileType = image.png; path = www_icon.png; sourceTree = "<group>"; };
		0F4B904F1CBE372F00C870A9 /* location_icon.png */ = {isa = PBXFileReference; lastKnownFileType = image.png; path = location_icon.png; sourceTree = "<group>"; };
		0F4DACC11CBB396100C4D25B /* FilterListCell.swift */ = {isa = PBXFileReference; fileEncoding = 4; lastKnownFileType = sourcecode.swift; path = FilterListCell.swift; sourceTree = "<group>"; };
		0FA844261CC5A4CB00A6B1FA /* location_icon_22.png */ = {isa = PBXFileReference; lastKnownFileType = image.png; path = location_icon_22.png; sourceTree = "<group>"; };
		0FA844281CC5A4D700A6B1FA /* location_icon_44.png */ = {isa = PBXFileReference; lastKnownFileType = image.png; path = location_icon_44.png; sourceTree = "<group>"; };
		0FCB75201CD3355300CFE2DB /* AppIcon.appiconset */ = {isa = PBXFileReference; lastKnownFileType = folder; path = AppIcon.appiconset; sourceTree = "<group>"; };
		0FCB75221CD335F600CFE2DB /* Images-4.xcassets */ = {isa = PBXFileReference; lastKnownFileType = folder.assetcatalog; path = "Images-4.xcassets"; sourceTree = "<group>"; };
		0FD0DDC81CC51DB800E4C888 /* ChurchListCellWithStar.swift */ = {isa = PBXFileReference; fileEncoding = 4; lastKnownFileType = sourcecode.swift; path = ChurchListCellWithStar.swift; sourceTree = "<group>"; };
		0FD0DDC91CC51DB800E4C888 /* FilterByTimeController.swift */ = {isa = PBXFileReference; fileEncoding = 4; lastKnownFileType = sourcecode.swift; path = FilterByTimeController.swift; sourceTree = "<group>"; };
		0FD0DDCA1CC51DB800E4C888 /* star_white.png */ = {isa = PBXFileReference; lastKnownFileType = image.png; path = star_white.png; sourceTree = "<group>"; };
		0FD0DDCB1CC51DB800E4C888 /* phone_icon.png */ = {isa = PBXFileReference; lastKnownFileType = image.png; path = phone_icon.png; sourceTree = "<group>"; };
		0FD0DDD21CC51DFB00E4C888 /* FilterTimesToggleCell.swift */ = {isa = PBXFileReference; fileEncoding = 4; lastKnownFileType = sourcecode.swift; path = FilterTimesToggleCell.swift; sourceTree = "<group>"; };
		0FD0DDD41CC51E5000E4C888 /* gcc.gpx */ = {isa = PBXFileReference; fileEncoding = 4; lastKnownFileType = text.xml; path = gcc.gpx; sourceTree = "<group>"; };
		26BEC0DC1C94DFE300AB2AF2 /* bookmarkStarBlue.png */ = {isa = PBXFileReference; lastKnownFileType = image.png; path = bookmarkStarBlue.png; sourceTree = "<group>"; };
		26BEC0DD1C94DFE400AB2AF2 /* bookmarkStarRed.png */ = {isa = PBXFileReference; lastKnownFileType = image.png; path = bookmarkStarRed.png; sourceTree = "<group>"; };
		26BEC0E01C94ECA900AB2AF2 /* ChurchAnnotations.swift */ = {isa = PBXFileReference; fileEncoding = 4; lastKnownFileType = sourcecode.swift; path = ChurchAnnotations.swift; sourceTree = "<group>"; };
		26C0BB7C1CC65828006DAFE6 /* MiniChurch.swift */ = {isa = PBXFileReference; fileEncoding = 4; lastKnownFileType = sourcecode.swift; path = MiniChurch.swift; sourceTree = "<group>"; };
		26C0BB801CC6588B006DAFE6 /* ChurchWatch.app */ = {isa = PBXFileReference; explicitFileType = wrapper.application; includeInIndex = 0; path = ChurchWatch.app; sourceTree = BUILT_PRODUCTS_DIR; };
		26C0BB831CC6588C006DAFE6 /* Base */ = {isa = PBXFileReference; lastKnownFileType = file.storyboard; name = Base; path = Base.lproj/Interface.storyboard; sourceTree = "<group>"; };
		26C0BB851CC6588C006DAFE6 /* Assets.xcassets */ = {isa = PBXFileReference; lastKnownFileType = folder.assetcatalog; path = Assets.xcassets; sourceTree = "<group>"; };
		26C0BB871CC6588C006DAFE6 /* Info.plist */ = {isa = PBXFileReference; lastKnownFileType = text.plist.xml; path = Info.plist; sourceTree = "<group>"; };
		26C0BB8C1CC6588C006DAFE6 /* ChurchWatch Extension.appex */ = {isa = PBXFileReference; explicitFileType = "wrapper.app-extension"; includeInIndex = 0; path = "ChurchWatch Extension.appex"; sourceTree = BUILT_PRODUCTS_DIR; };
		26C0BB931CC6588C006DAFE6 /* ExtensionDelegate.swift */ = {isa = PBXFileReference; lastKnownFileType = sourcecode.swift; path = ExtensionDelegate.swift; sourceTree = "<group>"; };
		26C0BB951CC6588C006DAFE6 /* Assets.xcassets */ = {isa = PBXFileReference; lastKnownFileType = folder.assetcatalog; path = Assets.xcassets; sourceTree = "<group>"; };
		26C0BB971CC6588C006DAFE6 /* Info.plist */ = {isa = PBXFileReference; lastKnownFileType = text.plist.xml; path = Info.plist; sourceTree = "<group>"; };
		26C0BBA31CC658F7006DAFE6 /* BookmarkInterfaceController.swift */ = {isa = PBXFileReference; fileEncoding = 4; lastKnownFileType = sourcecode.swift; path = BookmarkInterfaceController.swift; sourceTree = "<group>"; };
		26C0BBA41CC658F7006DAFE6 /* ChurchRowController.swift */ = {isa = PBXFileReference; fileEncoding = 4; lastKnownFileType = sourcecode.swift; path = ChurchRowController.swift; sourceTree = "<group>"; };
		26C0BBA51CC658F7006DAFE6 /* DetailInterfaceController.swift */ = {isa = PBXFileReference; fileEncoding = 4; lastKnownFileType = sourcecode.swift; path = DetailInterfaceController.swift; sourceTree = "<group>"; };
		26C0BBA61CC658F7006DAFE6 /* MapInterfaceController.swift */ = {isa = PBXFileReference; fileEncoding = 4; lastKnownFileType = sourcecode.swift; path = MapInterfaceController.swift; sourceTree = "<group>"; };
		26C57E101CD17B350018C49E /* bars2.png */ = {isa = PBXFileReference; lastKnownFileType = image.png; path = bars2.png; sourceTree = "<group>"; };
		26C57E111CD17B360018C49E /* church_icon.png */ = {isa = PBXFileReference; lastKnownFileType = image.png; path = church_icon.png; sourceTree = "<group>"; };
		3729A8661C8523B3000AF907 /* BookmarksViewController.swift */ = {isa = PBXFileReference; fileEncoding = 4; lastKnownFileType = sourcecode.swift; path = BookmarksViewController.swift; sourceTree = "<group>"; };
		37426F071CBDF4EB00003AE1 /* Bolts.framework */ = {isa = PBXFileReference; lastKnownFileType = wrapper.framework; path = Bolts.framework; sourceTree = "<group>"; };
		37426F081CBDF4EB00003AE1 /* Parse.framework */ = {isa = PBXFileReference; lastKnownFileType = wrapper.framework; path = Parse.framework; sourceTree = "<group>"; };
		37426F091CBDF4EB00003AE1 /* ParseFacebookUtils.framework */ = {isa = PBXFileReference; lastKnownFileType = wrapper.framework; path = ParseFacebookUtils.framework; sourceTree = "<group>"; };
		37426F0A1CBDF4EB00003AE1 /* ParseFacebookUtilsV4.framework */ = {isa = PBXFileReference; lastKnownFileType = wrapper.framework; path = ParseFacebookUtilsV4.framework; sourceTree = "<group>"; };
		37426F0B1CBDF4EB00003AE1 /* ParseTwitterUtils.framework */ = {isa = PBXFileReference; lastKnownFileType = wrapper.framework; path = ParseTwitterUtils.framework; sourceTree = "<group>"; };
		37426F0C1CBDF4EB00003AE1 /* ParseUI.framework */ = {isa = PBXFileReference; lastKnownFileType = wrapper.framework; path = ParseUI.framework; sourceTree = "<group>"; };
		37621F291C8FE14C004DED9C /* BookmarksViewTests.swift */ = {isa = PBXFileReference; fileEncoding = 4; lastKnownFileType = sourcecode.swift; path = BookmarksViewTests.swift; sourceTree = "<group>"; };
		37621F2A1C8FE14C004DED9C /* ListViewTests.swift */ = {isa = PBXFileReference; fileEncoding = 4; lastKnownFileType = sourcecode.swift; path = ListViewTests.swift; sourceTree = "<group>"; };
		377135181CB350D600FA5CD1 /* BookmarksBarViewController.swift */ = {isa = PBXFileReference; fileEncoding = 4; lastKnownFileType = sourcecode.swift; path = BookmarksBarViewController.swift; sourceTree = "<group>"; };
		37A5D2AE1CBB1AEC00CF3309 /* TopBarViewTests.swift */ = {isa = PBXFileReference; fileEncoding = 4; lastKnownFileType = sourcecode.swift; path = TopBarViewTests.swift; sourceTree = "<group>"; };
		37F0B4331C978C9B00DA821A /* TopBarViewController.swift */ = {isa = PBXFileReference; fileEncoding = 4; lastKnownFileType = sourcecode.swift; path = TopBarViewController.swift; sourceTree = "<group>"; };
		37FE8D311C6E20D500482663 /* AudioToolbox.framework */ = {isa = PBXFileReference; lastKnownFileType = wrapper.framework; name = AudioToolbox.framework; path = System/Library/Frameworks/AudioToolbox.framework; sourceTree = SDKROOT; };
		37FE8D331C6E20E400482663 /* CFNetwork.framework */ = {isa = PBXFileReference; lastKnownFileType = wrapper.framework; name = CFNetwork.framework; path = System/Library/Frameworks/CFNetwork.framework; sourceTree = SDKROOT; };
		37FE8D351C6E20EA00482663 /* CoreGraphics.framework */ = {isa = PBXFileReference; lastKnownFileType = wrapper.framework; name = CoreGraphics.framework; path = System/Library/Frameworks/CoreGraphics.framework; sourceTree = SDKROOT; };
		37FE8D371C6E20F600482663 /* CoreLocation.framework */ = {isa = PBXFileReference; lastKnownFileType = wrapper.framework; name = CoreLocation.framework; path = System/Library/Frameworks/CoreLocation.framework; sourceTree = SDKROOT; };
		37FE8D391C6E20FF00482663 /* QuartzCore.framework */ = {isa = PBXFileReference; lastKnownFileType = wrapper.framework; name = QuartzCore.framework; path = System/Library/Frameworks/QuartzCore.framework; sourceTree = SDKROOT; };
		37FE8D3B1C6E210800482663 /* Security.framework */ = {isa = PBXFileReference; lastKnownFileType = wrapper.framework; name = Security.framework; path = System/Library/Frameworks/Security.framework; sourceTree = SDKROOT; };
		37FE8D3D1C6E210F00482663 /* StoreKit.framework */ = {isa = PBXFileReference; lastKnownFileType = wrapper.framework; name = StoreKit.framework; path = System/Library/Frameworks/StoreKit.framework; sourceTree = SDKROOT; };
		37FE8D3F1C6E211B00482663 /* SystemConfiguration.framework */ = {isa = PBXFileReference; lastKnownFileType = wrapper.framework; name = SystemConfiguration.framework; path = System/Library/Frameworks/SystemConfiguration.framework; sourceTree = SDKROOT; };
		37FE8D411C6E213400482663 /* libz.tbd */ = {isa = PBXFileReference; lastKnownFileType = "sourcecode.text-based-dylib-definition"; name = libz.tbd; path = usr/lib/libz.tbd; sourceTree = SDKROOT; };
		37FE8D431C6E213E00482663 /* libsqlite3.tbd */ = {isa = PBXFileReference; lastKnownFileType = "sourcecode.text-based-dylib-definition"; name = libsqlite3.tbd; path = usr/lib/libsqlite3.tbd; sourceTree = SDKROOT; };
		75EA09341C82271300EC90F2 /* ChurchFinderUITests.xctest */ = {isa = PBXFileReference; explicitFileType = wrapper.cfbundle; includeInIndex = 0; path = ChurchFinderUITests.xctest; sourceTree = BUILT_PRODUCTS_DIR; };
		75EA09381C82271300EC90F2 /* Info.plist */ = {isa = PBXFileReference; lastKnownFileType = text.plist.xml; path = Info.plist; sourceTree = "<group>"; };
		75EA093E1C82278000EC90F2 /* FilterTableViewControllerTests.swift */ = {isa = PBXFileReference; fileEncoding = 4; lastKnownFileType = sourcecode.swift; path = FilterTableViewControllerTests.swift; sourceTree = "<group>"; };
		75EA09961C85F66100EC90F2 /* DetailedViewControllerTests.swift */ = {isa = PBXFileReference; fileEncoding = 4; lastKnownFileType = sourcecode.swift; path = DetailedViewControllerTests.swift; sourceTree = "<group>"; };
		75F4D80D1C8FE474003B7E66 /* MapViewControllerTests.swift */ = {isa = PBXFileReference; fileEncoding = 4; lastKnownFileType = sourcecode.swift; path = MapViewControllerTests.swift; sourceTree = "<group>"; };
		75F7C6221C8D1DF500FEF740 /* meta_addr.png */ = {isa = PBXFileReference; lastKnownFileType = image.png; path = meta_addr.png; sourceTree = "<group>"; };
		75F7C6231C8D1DF500FEF740 /* detailed_back.png */ = {isa = PBXFileReference; lastKnownFileType = image.png; path = detailed_back.png; sourceTree = "<group>"; };
		75F7C6251C8D1DF500FEF740 /* meta_times.png */ = {isa = PBXFileReference; lastKnownFileType = image.png; path = meta_times.png; sourceTree = "<group>"; };
		75F7C6261C8D1DF500FEF740 /* action_nav.png */ = {isa = PBXFileReference; lastKnownFileType = image.png; path = action_nav.png; sourceTree = "<group>"; };
		75F7C6271C8D1DF500FEF740 /* meta_desc.png */ = {isa = PBXFileReference; lastKnownFileType = image.png; path = meta_desc.png; sourceTree = "<group>"; };
		75F7C6281C8D1DF500FEF740 /* meta_style.png */ = {isa = PBXFileReference; lastKnownFileType = image.png; path = meta_style.png; sourceTree = "<group>"; };
		75F7C6291C8D1DF500FEF740 /* action_share.png */ = {isa = PBXFileReference; lastKnownFileType = image.png; path = action_share.png; sourceTree = "<group>"; };
		75F7C62B1C8D1DF500FEF740 /* star.png */ = {isa = PBXFileReference; lastKnownFileType = image.png; path = star.png; sourceTree = "<group>"; };
		75F7C62C1C8D1DF500FEF740 /* action_website.png */ = {isa = PBXFileReference; lastKnownFileType = image.png; path = action_website.png; sourceTree = "<group>"; };
/* End PBXFileReference section */

/* Begin PBXFrameworksBuildPhase section */
		037F2EEC1C61000000E971DB /* Frameworks */ = {
			isa = PBXFrameworksBuildPhase;
			buildActionMask = 2147483647;
			files = (
				37FE8D441C6E213E00482663 /* libsqlite3.tbd in Frameworks */,
				37FE8D421C6E213400482663 /* libz.tbd in Frameworks */,
				37426F101CBDF4EB00003AE1 /* ParseFacebookUtilsV4.framework in Frameworks */,
				37FE8D401C6E211B00482663 /* SystemConfiguration.framework in Frameworks */,
				37426F111CBDF4EB00003AE1 /* ParseTwitterUtils.framework in Frameworks */,
				37FE8D3E1C6E210F00482663 /* StoreKit.framework in Frameworks */,
				37426F121CBDF4EB00003AE1 /* ParseUI.framework in Frameworks */,
				37FE8D3C1C6E210800482663 /* Security.framework in Frameworks */,
				37FE8D3A1C6E20FF00482663 /* QuartzCore.framework in Frameworks */,
				37FE8D381C6E20F600482663 /* CoreLocation.framework in Frameworks */,
				37FE8D361C6E20EA00482663 /* CoreGraphics.framework in Frameworks */,
				37426F0D1CBDF4EB00003AE1 /* Bolts.framework in Frameworks */,
				37FE8D341C6E20E400482663 /* CFNetwork.framework in Frameworks */,
				37426F0E1CBDF4EB00003AE1 /* Parse.framework in Frameworks */,
				37FE8D321C6E20D500482663 /* AudioToolbox.framework in Frameworks */,
				37426F0F1CBDF4EB00003AE1 /* ParseFacebookUtils.framework in Frameworks */,
			);
			runOnlyForDeploymentPostprocessing = 0;
		};
		037F2F031C61000000E971DB /* Frameworks */ = {
			isa = PBXFrameworksBuildPhase;
			buildActionMask = 2147483647;
			files = (
				373719C61C7C1EEF001A21B0 /* libsqlite3.tbd in Frameworks */,
				373719C71C7C1EEF001A21B0 /* libz.tbd in Frameworks */,
				373719C81C7C1EEF001A21B0 /* SystemConfiguration.framework in Frameworks */,
				373719C91C7C1EEF001A21B0 /* StoreKit.framework in Frameworks */,
				373719CA1C7C1EEF001A21B0 /* Security.framework in Frameworks */,
				373719CB1C7C1EEF001A21B0 /* QuartzCore.framework in Frameworks */,
				373719CC1C7C1EEF001A21B0 /* CoreLocation.framework in Frameworks */,
				373719CD1C7C1EEF001A21B0 /* CoreGraphics.framework in Frameworks */,
				373719CE1C7C1EEF001A21B0 /* CFNetwork.framework in Frameworks */,
				373719CF1C7C1EEF001A21B0 /* AudioToolbox.framework in Frameworks */,
			);
			runOnlyForDeploymentPostprocessing = 0;
		};
		26C0BB891CC6588C006DAFE6 /* Frameworks */ = {
			isa = PBXFrameworksBuildPhase;
			buildActionMask = 2147483647;
			files = (
			);
			runOnlyForDeploymentPostprocessing = 0;
		};
		75EA09311C82271300EC90F2 /* Frameworks */ = {
			isa = PBXFrameworksBuildPhase;
			buildActionMask = 2147483647;
			files = (
			);
			runOnlyForDeploymentPostprocessing = 0;
		};
/* End PBXFrameworksBuildPhase section */

/* Begin PBXGroup section */
		037F2EE61C61000000E971DB = {
			isa = PBXGroup;
			children = (
				037F2EF11C61000000E971DB /* ChurchFinder */,
				037F2F091C61000000E971DB /* ChurchFinderTests */,
				75EA09351C82271300EC90F2 /* ChurchFinderUITests */,
				26C0BB811CC6588C006DAFE6 /* ChurchWatch */,
				26C0BB901CC6588C006DAFE6 /* ChurchWatch Extension */,
				037F2EF01C61000000E971DB /* Products */,
				37FE8D241C6E1F4600482663 /* Framework */,
			);
			sourceTree = "<group>";
		};
		037F2EF01C61000000E971DB /* Products */ = {
			isa = PBXGroup;
			children = (
				037F2EEF1C61000000E971DB /* ChurchFinder.app */,
				037F2F061C61000000E971DB /* ChurchFinderTests.xctest */,
				75EA09341C82271300EC90F2 /* ChurchFinderUITests.xctest */,
				26C0BB801CC6588B006DAFE6 /* ChurchWatch.app */,
				26C0BB8C1CC6588C006DAFE6 /* ChurchWatch Extension.appex */,
			);
			name = Products;
			sourceTree = "<group>";
		};
		037F2EF11C61000000E971DB /* ChurchFinder */ = {
			isa = PBXGroup;
			children = (
				0F20281D1C7F563F00AFC9AA /* Constants.swift */,
				037F2EFA1C61000000E971DB /* Main.storyboard */,
				034E15FB1C7C9ED0004AD878 /* AppDelegate.swift */,
				0F2028131C7F55CE00AFC9AA /* Model */,
				0F20281F1C7F56A800AFC9AA /* Controller */,
				75D436DF1C79181600F62108 /* Images */,
				0FD0DDD41CC51E5000E4C888 /* gcc.gpx */,
				037F2EFF1C61000000E971DB /* LaunchScreen.xib */,
				0FCB75221CD335F600CFE2DB /* Images-4.xcassets */,
				037F2EF21C61000000E971DB /* Supporting Files */,
			);
			path = ChurchFinder;
			sourceTree = "<group>";
		};
		037F2EF21C61000000E971DB /* Supporting Files */ = {
			isa = PBXGroup;
			children = (
				037F2EF31C61000000E971DB /* Info.plist */,
			);
			name = "Supporting Files";
			sourceTree = "<group>";
		};
		037F2F091C61000000E971DB /* ChurchFinderTests */ = {
			isa = PBXGroup;
			children = (
				037F2F0A1C61000000E971DB /* Supporting Files */,
				0F2028221C7F81AE00AFC9AA /* DataTests.swift */,
			);
			path = ChurchFinderTests;
			sourceTree = "<group>";
		};
		037F2F0A1C61000000E971DB /* Supporting Files */ = {
			isa = PBXGroup;
			children = (
				037F2F0B1C61000000E971DB /* Info.plist */,
			);
			name = "Supporting Files";
			sourceTree = "<group>";
		};
		0F2028131C7F55CE00AFC9AA /* Model */ = {
			isa = PBXGroup;
			children = (
				037715BE1C85F00000303162 /* Church.swift */,
				0F2028171C7F55FD00AFC9AA /* Data.swift */,
				26C0BB7C1CC65828006DAFE6 /* MiniChurch.swift */,
			);
			name = Model;
			sourceTree = "<group>";
		};
		0F20281F1C7F56A800AFC9AA /* Controller */ = {
			isa = PBXGroup;
			children = (
				37F0B4331C978C9B00DA821A /* TopBarViewController.swift */,
				037F2F161C6106A600E971DB /* ListViewController.swift */,
				037F2F181C61087400E971DB /* ChurchListCell.swift */,
				0FD0DDC81CC51DB800E4C888 /* ChurchListCellWithStar.swift */,
				034E15FF1C7C9F9D004AD878 /* MapViewController.swift */,
				26BEC0E01C94ECA900AB2AF2 /* ChurchAnnotations.swift */,
				0F4DACAE1CBAEED300C4D25B /* Filters */,
				0F4B903D1CBDD90E00C870A9 /* Detailed */,
				0F4B903E1CBDD93800C870A9 /* Bookmarks */,
			);
			name = Controller;
			sourceTree = "<group>";
		};
		0F4B903D1CBDD90E00C870A9 /* Detailed */ = {
			isa = PBXGroup;
			children = (
				0F4B903F1CBDDA8300C870A9 /* DetailedMapCell.swift */,
				0F4B90401CBDDA8300C870A9 /* DetailedMetaCell.swift */,
				0F4B90351CBDA4DE00C870A9 /* DetailedViewController.swift */,
			);
			name = Detailed;
			sourceTree = "<group>";
		};
		0F4B903E1CBDD93800C870A9 /* Bookmarks */ = {
			isa = PBXGroup;
			children = (
				377135181CB350D600FA5CD1 /* BookmarksBarViewController.swift */,
				3729A8661C8523B3000AF907 /* BookmarksViewController.swift */,
			);
			name = Bookmarks;
			sourceTree = "<group>";
		};
		0F4DACAE1CBAEED300C4D25B /* Filters */ = {
			isa = PBXGroup;
			children = (
				0FD0DDD21CC51DFB00E4C888 /* FilterTimesToggleCell.swift */,
				0FD0DDC91CC51DB800E4C888 /* FilterByTimeController.swift */,
				034E15FD1C7C9F9D004AD878 /* FiltersViewController.swift */,
				034E16051C7CAC1F004AD878 /* FilterViewCell.swift */,
				0F34BFCC1CBC596B007F57F1 /* FilterByListController.swift */,
				0F4DACC11CBB396100C4D25B /* FilterListCell.swift */,
			);
			name = Filters;
			sourceTree = "<group>";
		};
		26C0BB811CC6588C006DAFE6 /* ChurchWatch */ = {
			isa = PBXGroup;
			children = (
				26C0BB821CC6588C006DAFE6 /* Interface.storyboard */,
				26C0BB851CC6588C006DAFE6 /* Assets.xcassets */,
				26C0BB871CC6588C006DAFE6 /* Info.plist */,
			);
			path = ChurchWatch;
			sourceTree = "<group>";
		};
		26C0BB901CC6588C006DAFE6 /* ChurchWatch Extension */ = {
			isa = PBXGroup;
			children = (
				26C0BBA31CC658F7006DAFE6 /* BookmarkInterfaceController.swift */,
				26C0BBA41CC658F7006DAFE6 /* ChurchRowController.swift */,
				26C0BBA51CC658F7006DAFE6 /* DetailInterfaceController.swift */,
				26C0BBA61CC658F7006DAFE6 /* MapInterfaceController.swift */,
				26C0BB931CC6588C006DAFE6 /* ExtensionDelegate.swift */,
				26C0BB951CC6588C006DAFE6 /* Assets.xcassets */,
				26C0BB971CC6588C006DAFE6 /* Info.plist */,
			);
			path = "ChurchWatch Extension";
			sourceTree = "<group>";
		};
		37FE8D241C6E1F4600482663 /* Framework */ = {
			isa = PBXGroup;
			children = (
				37426F071CBDF4EB00003AE1 /* Bolts.framework */,
				37426F081CBDF4EB00003AE1 /* Parse.framework */,
				37426F091CBDF4EB00003AE1 /* ParseFacebookUtils.framework */,
				37426F0A1CBDF4EB00003AE1 /* ParseFacebookUtilsV4.framework */,
				37426F0B1CBDF4EB00003AE1 /* ParseTwitterUtils.framework */,
				37426F0C1CBDF4EB00003AE1 /* ParseUI.framework */,
				37FE8D431C6E213E00482663 /* libsqlite3.tbd */,
				37FE8D411C6E213400482663 /* libz.tbd */,
				37FE8D3F1C6E211B00482663 /* SystemConfiguration.framework */,
				37FE8D3D1C6E210F00482663 /* StoreKit.framework */,
				37FE8D3B1C6E210800482663 /* Security.framework */,
				37FE8D391C6E20FF00482663 /* QuartzCore.framework */,
				37FE8D371C6E20F600482663 /* CoreLocation.framework */,
				37FE8D351C6E20EA00482663 /* CoreGraphics.framework */,
				37FE8D331C6E20E400482663 /* CFNetwork.framework */,
				37FE8D311C6E20D500482663 /* AudioToolbox.framework */,
			);
			name = Framework;
			sourceTree = "<group>";
		};
		75D436DF1C79181600F62108 /* Images */ = {
			isa = PBXGroup;
			children = (
				26C57E101CD17B350018C49E /* bars2.png */,
				26C57E111CD17B360018C49E /* church_icon.png */,
				0FCB75201CD3355300CFE2DB /* AppIcon.appiconset */,
				0FA844281CC5A4D700A6B1FA /* location_icon_44.png */,
				0FA844261CC5A4CB00A6B1FA /* location_icon_22.png */,
				0FD0DDCA1CC51DB800E4C888 /* star_white.png */,
				0FD0DDCB1CC51DB800E4C888 /* phone_icon.png */,
				0F4B904F1CBE372F00C870A9 /* location_icon.png */,
				0F4B904B1CBE2ED900C870A9 /* share_icon.png */,
				0F4B904C1CBE2ED900C870A9 /* www_icon.png */,
				0F4B90431CBE228000C870A9 /* compass_icon.png */,
				0F4B90441CBE228000C870A9 /* info_icon.png */,
				0F4B90451CBE228000C870A9 /* music_icon.png */,
				0F4B90461CBE228000C870A9 /* time_icon.png */,
				75F7C62B1C8D1DF500FEF740 /* star.png */,
				0F4B90371CBDAB5800C870A9 /* star_circle */,
				0F16D58A1CAACA7400E6C7AD /* dummyphoto.png */,
				0F16D5881CAABB1600E6C7AD /* cellguides.png */,
				26BEC0DC1C94DFE300AB2AF2 /* bookmarkStarBlue.png */,
				26BEC0DD1C94DFE400AB2AF2 /* bookmarkStarRed.png */,
				75F7C6231C8D1DF500FEF740 /* detailed_back.png */,
				75F7C6251C8D1DF500FEF740 /* meta_times.png */,
				75F7C6271C8D1DF500FEF740 /* meta_desc.png */,
				75F7C6281C8D1DF500FEF740 /* meta_style.png */,
				75F7C6221C8D1DF500FEF740 /* meta_addr.png */,
				75F7C6261C8D1DF500FEF740 /* action_nav.png */,
				75F7C6291C8D1DF500FEF740 /* action_share.png */,
				75F7C62C1C8D1DF500FEF740 /* action_website.png */,
			);
			name = Images;
			sourceTree = "<group>";
		};
		75EA09351C82271300EC90F2 /* ChurchFinderUITests */ = {
			isa = PBXGroup;
			children = (
				37A5D2AE1CBB1AEC00CF3309 /* TopBarViewTests.swift */,
				37621F2A1C8FE14C004DED9C /* ListViewTests.swift */,
				75F4D80D1C8FE474003B7E66 /* MapViewControllerTests.swift */,
				37621F291C8FE14C004DED9C /* BookmarksViewTests.swift */,
				75EA093E1C82278000EC90F2 /* FilterTableViewControllerTests.swift */,
				75EA09961C85F66100EC90F2 /* DetailedViewControllerTests.swift */,
				75EA09381C82271300EC90F2 /* Info.plist */,
			);
			path = ChurchFinderUITests;
			sourceTree = "<group>";
		};
/* End PBXGroup section */

/* Begin PBXNativeTarget section */
		037F2EEE1C61000000E971DB /* ChurchFinder */ = {
			isa = PBXNativeTarget;
			buildConfigurationList = 037F2F101C61000000E971DB /* Build configuration list for PBXNativeTarget "ChurchFinder" */;
			buildPhases = (
				037F2EEB1C61000000E971DB /* Sources */,
				037F2EEC1C61000000E971DB /* Frameworks */,
				037F2EED1C61000000E971DB /* Resources */,
				26C0BBA21CC6588C006DAFE6 /* Embed Watch Content */,
			);
			buildRules = (
			);
			dependencies = (
				26C0BB991CC6588C006DAFE6 /* PBXTargetDependency */,
			);
			name = ChurchFinder;
			productName = ChurchFinder;
			productReference = 037F2EEF1C61000000E971DB /* ChurchFinder.app */;
			productType = "com.apple.product-type.application";
		};
		037F2F051C61000000E971DB /* ChurchFinderTests */ = {
			isa = PBXNativeTarget;
			buildConfigurationList = 037F2F131C61000000E971DB /* Build configuration list for PBXNativeTarget "ChurchFinderTests" */;
			buildPhases = (
				037F2F021C61000000E971DB /* Sources */,
				037F2F031C61000000E971DB /* Frameworks */,
				037F2F041C61000000E971DB /* Resources */,
			);
			buildRules = (
			);
			dependencies = (
				037F2F081C61000000E971DB /* PBXTargetDependency */,
			);
			name = ChurchFinderTests;
			productName = ChurchFinderTests;
			productReference = 037F2F061C61000000E971DB /* ChurchFinderTests.xctest */;
			productType = "com.apple.product-type.bundle.unit-test";
		};
		26C0BB7F1CC6588B006DAFE6 /* ChurchWatch */ = {
			isa = PBXNativeTarget;
			buildConfigurationList = 26C0BB9F1CC6588C006DAFE6 /* Build configuration list for PBXNativeTarget "ChurchWatch" */;
			buildPhases = (
				26C0BB7E1CC6588B006DAFE6 /* Resources */,
				26C0BB9E1CC6588C006DAFE6 /* Embed App Extensions */,
			);
			buildRules = (
			);
			dependencies = (
				26C0BB8F1CC6588C006DAFE6 /* PBXTargetDependency */,
			);
			name = ChurchWatch;
			productName = ChurchWatch;
			productReference = 26C0BB801CC6588B006DAFE6 /* ChurchWatch.app */;
			productType = "com.apple.product-type.application.watchapp2";
		};
		26C0BB8B1CC6588C006DAFE6 /* ChurchWatch Extension */ = {
			isa = PBXNativeTarget;
			buildConfigurationList = 26C0BB9B1CC6588C006DAFE6 /* Build configuration list for PBXNativeTarget "ChurchWatch Extension" */;
			buildPhases = (
				26C0BB881CC6588C006DAFE6 /* Sources */,
				26C0BB891CC6588C006DAFE6 /* Frameworks */,
				26C0BB8A1CC6588C006DAFE6 /* Resources */,
			);
			buildRules = (
			);
			dependencies = (
			);
			name = "ChurchWatch Extension";
			productName = "ChurchWatch Extension";
			productReference = 26C0BB8C1CC6588C006DAFE6 /* ChurchWatch Extension.appex */;
			productType = "com.apple.product-type.watchkit2-extension";
		};
		75EA09331C82271300EC90F2 /* ChurchFinderUITests */ = {
			isa = PBXNativeTarget;
			buildConfigurationList = 75EA093B1C82271300EC90F2 /* Build configuration list for PBXNativeTarget "ChurchFinderUITests" */;
			buildPhases = (
				75EA09301C82271300EC90F2 /* Sources */,
				75EA09311C82271300EC90F2 /* Frameworks */,
				75EA09321C82271300EC90F2 /* Resources */,
			);
			buildRules = (
			);
			dependencies = (
				75EA093A1C82271300EC90F2 /* PBXTargetDependency */,
			);
			name = ChurchFinderUITests;
			productName = ChurchFinderUITests;
			productReference = 75EA09341C82271300EC90F2 /* ChurchFinderUITests.xctest */;
			productType = "com.apple.product-type.bundle.ui-testing";
		};
/* End PBXNativeTarget section */

/* Begin PBXProject section */
		037F2EE71C61000000E971DB /* Project object */ = {
			isa = PBXProject;
			attributes = {
				LastSwiftUpdateCheck = 0730;
				LastUpgradeCheck = 0730;
				ORGANIZATIONNAME = "Michael Curtis";
				TargetAttributes = {
					037F2EEE1C61000000E971DB = {
						CreatedOnToolsVersion = 6.4;
						DevelopmentTeam = CJS762UTV4;
					};
					037F2F051C61000000E971DB = {
						CreatedOnToolsVersion = 6.4;
						TestTargetID = 037F2EEE1C61000000E971DB;
					};
					26C0BB7F1CC6588B006DAFE6 = {
						CreatedOnToolsVersion = 7.3;
						DevelopmentTeam = CJS762UTV4;
					};
					26C0BB8B1CC6588C006DAFE6 = {
						CreatedOnToolsVersion = 7.3;
						DevelopmentTeam = CJS762UTV4;
					};
					75EA09331C82271300EC90F2 = {
						CreatedOnToolsVersion = 7.2;
						TestTargetID = 037F2EEE1C61000000E971DB;
					};
				};
			};
			buildConfigurationList = 037F2EEA1C61000000E971DB /* Build configuration list for PBXProject "ChurchFinder" */;
			compatibilityVersion = "Xcode 3.2";
			developmentRegion = English;
			hasScannedForEncodings = 0;
			knownRegions = (
				en,
				Base,
			);
			mainGroup = 037F2EE61C61000000E971DB;
			productRefGroup = 037F2EF01C61000000E971DB /* Products */;
			projectDirPath = "";
			projectRoot = "";
			targets = (
				037F2EEE1C61000000E971DB /* ChurchFinder */,
				037F2F051C61000000E971DB /* ChurchFinderTests */,
				75EA09331C82271300EC90F2 /* ChurchFinderUITests */,
				26C0BB7F1CC6588B006DAFE6 /* ChurchWatch */,
				26C0BB8B1CC6588C006DAFE6 /* ChurchWatch Extension */,
			);
		};
/* End PBXProject section */

/* Begin PBXResourcesBuildPhase section */
		037F2EED1C61000000E971DB /* Resources */ = {
			isa = PBXResourcesBuildPhase;
			buildActionMask = 2147483647;
			files = (
				75F7C6311C8D1DF500FEF740 /* detailed_back.png in Resources */,
				0FA844271CC5A4CB00A6B1FA /* location_icon_22.png in Resources */,
				75F7C62E1C8D1DF500FEF740 /* meta_addr.png in Resources */,
				75F7C64C1C8D1DF500FEF740 /* action_website.png in Resources */,
				0FD0DDCE1CC51DB800E4C888 /* star_white.png in Resources */,
				0F4B904A1CBE228000C870A9 /* time_icon.png in Resources */,
				75F7C63D1C8D1DF500FEF740 /* meta_desc.png in Resources */,
				0F4B90381CBDAB5800C870A9 /* star_circle in Resources */,
				037F2EFC1C61000000E971DB /* Main.storyboard in Resources */,
				0FD0DDD51CC51E5000E4C888 /* gcc.gpx in Resources */,
				0FD0DDCF1CC51DB800E4C888 /* phone_icon.png in Resources */,
				0FEED92F1CC161A600D42EDF /* (null) in Resources */,
				0F16D58B1CAACA7400E6C7AD /* dummyphoto.png in Resources */,
				75F7C6401C8D1DF500FEF740 /* meta_style.png in Resources */,
				75F7C63A1C8D1DF500FEF740 /* action_nav.png in Resources */,
				75F7C6431C8D1DF500FEF740 /* action_share.png in Resources */,
				0F4B904E1CBE2ED900C870A9 /* www_icon.png in Resources */,
				75F7C6371C8D1DF500FEF740 /* meta_times.png in Resources */,
				0F4B90481CBE228000C870A9 /* info_icon.png in Resources */,
				037F2F011C61000000E971DB /* LaunchScreen.xib in Resources */,
				0FCB75231CD335F600CFE2DB /* Images-4.xcassets in Resources */,
				0F4B904D1CBE2ED900C870A9 /* share_icon.png in Resources */,
				26C57E131CD17B360018C49E /* church_icon.png in Resources */,
				75F7C6491C8D1DF500FEF740 /* star.png in Resources */,
				0F4B90491CBE228000C870A9 /* music_icon.png in Resources */,
				0FCB75211CD3355300CFE2DB /* AppIcon.appiconset in Resources */,
				26BEC0DF1C94DFE400AB2AF2 /* bookmarkStarRed.png in Resources */,
				0F4B90471CBE228000C870A9 /* compass_icon.png in Resources */,
				0FA844291CC5A4D700A6B1FA /* location_icon_44.png in Resources */,
				0F4B90501CBE372F00C870A9 /* location_icon.png in Resources */,
				0F16D5891CAABB1600E6C7AD /* cellguides.png in Resources */,
				26C57E121CD17B360018C49E /* bars2.png in Resources */,
				26BEC0DE1C94DFE400AB2AF2 /* bookmarkStarBlue.png in Resources */,
			);
			runOnlyForDeploymentPostprocessing = 0;
		};
		037F2F041C61000000E971DB /* Resources */ = {
			isa = PBXResourcesBuildPhase;
			buildActionMask = 2147483647;
			files = (
				75F7C6381C8D1DF500FEF740 /* meta_times.png in Resources */,
				75F7C6411C8D1DF500FEF740 /* meta_style.png in Resources */,
				75F7C6321C8D1DF500FEF740 /* detailed_back.png in Resources */,
				75F7C63E1C8D1DF500FEF740 /* meta_desc.png in Resources */,
				75F7C62F1C8D1DF500FEF740 /* meta_addr.png in Resources */,
				75F7C64D1C8D1DF500FEF740 /* action_website.png in Resources */,
				75F7C64A1C8D1DF500FEF740 /* star.png in Resources */,
				75F7C63B1C8D1DF500FEF740 /* action_nav.png in Resources */,
				75F7C6441C8D1DF500FEF740 /* action_share.png in Resources */,
			);
			runOnlyForDeploymentPostprocessing = 0;
		};
		26C0BB7E1CC6588B006DAFE6 /* Resources */ = {
			isa = PBXResourcesBuildPhase;
			buildActionMask = 2147483647;
			files = (
				26C0BB861CC6588C006DAFE6 /* Assets.xcassets in Resources */,
				26C0BB841CC6588C006DAFE6 /* Interface.storyboard in Resources */,
			);
			runOnlyForDeploymentPostprocessing = 0;
		};
		26C0BB8A1CC6588C006DAFE6 /* Resources */ = {
			isa = PBXResourcesBuildPhase;
			buildActionMask = 2147483647;
			files = (
				26C0BB961CC6588C006DAFE6 /* Assets.xcassets in Resources */,
			);
			runOnlyForDeploymentPostprocessing = 0;
		};
		75EA09321C82271300EC90F2 /* Resources */ = {
			isa = PBXResourcesBuildPhase;
			buildActionMask = 2147483647;
			files = (
				75F7C6391C8D1DF500FEF740 /* meta_times.png in Resources */,
				75F7C6421C8D1DF500FEF740 /* meta_style.png in Resources */,
				75F7C6331C8D1DF500FEF740 /* detailed_back.png in Resources */,
				75F7C63F1C8D1DF500FEF740 /* meta_desc.png in Resources */,
				75F7C6301C8D1DF500FEF740 /* meta_addr.png in Resources */,
				75F7C64E1C8D1DF500FEF740 /* action_website.png in Resources */,
				75F7C64B1C8D1DF500FEF740 /* star.png in Resources */,
				75F7C63C1C8D1DF500FEF740 /* action_nav.png in Resources */,
				75F7C6451C8D1DF500FEF740 /* action_share.png in Resources */,
			);
			runOnlyForDeploymentPostprocessing = 0;
		};
/* End PBXResourcesBuildPhase section */

/* Begin PBXSourcesBuildPhase section */
		037F2EEB1C61000000E971DB /* Sources */ = {
			isa = PBXSourcesBuildPhase;
			buildActionMask = 2147483647;
			files = (
				26C0BB7D1CC65828006DAFE6 /* MiniChurch.swift in Sources */,
				3729A8671C8523B3000AF907 /* BookmarksViewController.swift in Sources */,
				0F4DACC21CBB396100C4D25B /* FilterListCell.swift in Sources */,
				377135191CB350D600FA5CD1 /* BookmarksBarViewController.swift in Sources */,
				0F34BFCD1CBC596B007F57F1 /* FilterByListController.swift in Sources */,
				0FD0DDD31CC51DFC00E4C888 /* FilterTimesToggleCell.swift in Sources */,
				034E16011C7C9F9D004AD878 /* FiltersViewController.swift in Sources */,
				0F4B90411CBDDA8300C870A9 /* DetailedMapCell.swift in Sources */,
				0FD0DDCC1CC51DB800E4C888 /* ChurchListCellWithStar.swift in Sources */,
				0FD91FA41CC4202D00EAA5C9 /* (null) in Sources */,
				0F4B90421CBDDA8300C870A9 /* DetailedMetaCell.swift in Sources */,
				26BEC0E11C94ECAA00AB2AF2 /* ChurchAnnotations.swift in Sources */,
				034E16061C7CAC1F004AD878 /* FilterViewCell.swift in Sources */,
				0F2028181C7F55FD00AFC9AA /* Data.swift in Sources */,
				037F2F191C61087400E971DB /* ChurchListCell.swift in Sources */,
				0F20281E1C7F563F00AFC9AA /* Constants.swift in Sources */,
				034E15FC1C7C9ED0004AD878 /* AppDelegate.swift in Sources */,
				37F0B4341C978C9B00DA821A /* TopBarViewController.swift in Sources */,
				0F4B90361CBDA4DE00C870A9 /* DetailedViewController.swift in Sources */,
				037715BF1C85F00000303162 /* Church.swift in Sources */,
				037F2F171C6106A600E971DB /* ListViewController.swift in Sources */,
				034E16031C7C9F9D004AD878 /* MapViewController.swift in Sources */,
				0FD0DDCD1CC51DB800E4C888 /* FilterByTimeController.swift in Sources */,
			);
			runOnlyForDeploymentPostprocessing = 0;
		};
		037F2F021C61000000E971DB /* Sources */ = {
			isa = PBXSourcesBuildPhase;
			buildActionMask = 2147483647;
			files = (
				0FC57AB91C873550009AA565 /* Church.swift in Sources */,
				0F2028241C7F972000AFC9AA /* Constants.swift in Sources */,
				0F2028191C7F55FD00AFC9AA /* Data.swift in Sources */,
				0F2028231C7F81AE00AFC9AA /* DataTests.swift in Sources */,
			);
			runOnlyForDeploymentPostprocessing = 0;
		};
		26C0BB881CC6588C006DAFE6 /* Sources */ = {
			isa = PBXSourcesBuildPhase;
			buildActionMask = 2147483647;
			files = (
				26C0BBAA1CC658F7006DAFE6 /* MapInterfaceController.swift in Sources */,
				26C0BBAB1CC65912006DAFE6 /* MiniChurch.swift in Sources */,
				26C0BB941CC6588C006DAFE6 /* ExtensionDelegate.swift in Sources */,
				26C0BBA81CC658F7006DAFE6 /* ChurchRowController.swift in Sources */,
				26C0BBA71CC658F7006DAFE6 /* BookmarkInterfaceController.swift in Sources */,
				26C0BBA91CC658F7006DAFE6 /* DetailInterfaceController.swift in Sources */,
			);
			runOnlyForDeploymentPostprocessing = 0;
		};
		75EA09301C82271300EC90F2 /* Sources */ = {
			isa = PBXSourcesBuildPhase;
			buildActionMask = 2147483647;
			files = (
				37A5D2AF1CBB1AEC00CF3309 /* TopBarViewTests.swift in Sources */,
				75EA093F1C82278000EC90F2 /* FilterTableViewControllerTests.swift in Sources */,
				37621F2C1C8FE14C004DED9C /* ListViewTests.swift in Sources */,
				75F4D80E1C8FE474003B7E66 /* MapViewControllerTests.swift in Sources */,
				37621F2B1C8FE14C004DED9C /* BookmarksViewTests.swift in Sources */,
				75EA09971C85F66100EC90F2 /* DetailedViewControllerTests.swift in Sources */,
			);
			runOnlyForDeploymentPostprocessing = 0;
		};
/* End PBXSourcesBuildPhase section */

/* Begin PBXTargetDependency section */
		037F2F081C61000000E971DB /* PBXTargetDependency */ = {
			isa = PBXTargetDependency;
			target = 037F2EEE1C61000000E971DB /* ChurchFinder */;
			targetProxy = 037F2F071C61000000E971DB /* PBXContainerItemProxy */;
		};
		26C0BB8F1CC6588C006DAFE6 /* PBXTargetDependency */ = {
			isa = PBXTargetDependency;
			target = 26C0BB8B1CC6588C006DAFE6 /* ChurchWatch Extension */;
			targetProxy = 26C0BB8E1CC6588C006DAFE6 /* PBXContainerItemProxy */;
		};
		26C0BB991CC6588C006DAFE6 /* PBXTargetDependency */ = {
			isa = PBXTargetDependency;
			target = 26C0BB7F1CC6588B006DAFE6 /* ChurchWatch */;
			targetProxy = 26C0BB981CC6588C006DAFE6 /* PBXContainerItemProxy */;
		};
		75EA093A1C82271300EC90F2 /* PBXTargetDependency */ = {
			isa = PBXTargetDependency;
			target = 037F2EEE1C61000000E971DB /* ChurchFinder */;
			targetProxy = 75EA09391C82271300EC90F2 /* PBXContainerItemProxy */;
		};
/* End PBXTargetDependency section */

/* Begin PBXVariantGroup section */
		037F2EFA1C61000000E971DB /* Main.storyboard */ = {
			isa = PBXVariantGroup;
			children = (
				037F2EFB1C61000000E971DB /* Base */,
			);
			name = Main.storyboard;
			sourceTree = "<group>";
		};
		037F2EFF1C61000000E971DB /* LaunchScreen.xib */ = {
			isa = PBXVariantGroup;
			children = (
				037F2F001C61000000E971DB /* Base */,
			);
			name = LaunchScreen.xib;
			sourceTree = "<group>";
		};
		26C0BB821CC6588C006DAFE6 /* Interface.storyboard */ = {
			isa = PBXVariantGroup;
			children = (
				26C0BB831CC6588C006DAFE6 /* Base */,
			);
			name = Interface.storyboard;
			sourceTree = "<group>";
		};
/* End PBXVariantGroup section */

/* Begin XCBuildConfiguration section */
		037F2F0E1C61000000E971DB /* Debug */ = {
			isa = XCBuildConfiguration;
			buildSettings = {
				ALWAYS_SEARCH_USER_PATHS = NO;
				CLANG_CXX_LANGUAGE_STANDARD = "gnu++0x";
				CLANG_CXX_LIBRARY = "libc++";
				CLANG_ENABLE_MODULES = YES;
				CLANG_ENABLE_OBJC_ARC = YES;
				CLANG_WARN_BOOL_CONVERSION = YES;
				CLANG_WARN_CONSTANT_CONVERSION = YES;
				CLANG_WARN_DIRECT_OBJC_ISA_USAGE = YES_ERROR;
				CLANG_WARN_EMPTY_BODY = YES;
				CLANG_WARN_ENUM_CONVERSION = YES;
				CLANG_WARN_INT_CONVERSION = YES;
				CLANG_WARN_OBJC_ROOT_CLASS = YES_ERROR;
				CLANG_WARN_UNREACHABLE_CODE = YES;
				CLANG_WARN__DUPLICATE_METHOD_MATCH = YES;
				"CODE_SIGN_IDENTITY[sdk=iphoneos*]" = "iPhone Developer";
				COPY_PHASE_STRIP = NO;
				DEBUG_INFORMATION_FORMAT = "dwarf-with-dsym";
				ENABLE_STRICT_OBJC_MSGSEND = YES;
				ENABLE_TESTABILITY = YES;
				GCC_C_LANGUAGE_STANDARD = gnu99;
				GCC_DYNAMIC_NO_PIC = NO;
				GCC_NO_COMMON_BLOCKS = YES;
				GCC_OPTIMIZATION_LEVEL = 0;
				GCC_PREPROCESSOR_DEFINITIONS = (
					"DEBUG=1",
					"$(inherited)",
				);
				GCC_SYMBOLS_PRIVATE_EXTERN = NO;
				GCC_WARN_64_TO_32_BIT_CONVERSION = YES;
				GCC_WARN_ABOUT_RETURN_TYPE = YES_ERROR;
				GCC_WARN_UNDECLARED_SELECTOR = YES;
				GCC_WARN_UNINITIALIZED_AUTOS = YES_AGGRESSIVE;
				GCC_WARN_UNUSED_FUNCTION = YES;
				GCC_WARN_UNUSED_VARIABLE = YES;
				IPHONEOS_DEPLOYMENT_TARGET = 9.0;
				MTL_ENABLE_DEBUG_INFO = YES;
				ONLY_ACTIVE_ARCH = YES;
				SDKROOT = iphoneos;
				SWIFT_OPTIMIZATION_LEVEL = "-Onone";
				TARGETED_DEVICE_FAMILY = "1,2";
			};
			name = Debug;
		};
		037F2F0F1C61000000E971DB /* Release */ = {
			isa = XCBuildConfiguration;
			buildSettings = {
				ALWAYS_SEARCH_USER_PATHS = NO;
				CLANG_CXX_LANGUAGE_STANDARD = "gnu++0x";
				CLANG_CXX_LIBRARY = "libc++";
				CLANG_ENABLE_MODULES = YES;
				CLANG_ENABLE_OBJC_ARC = YES;
				CLANG_WARN_BOOL_CONVERSION = YES;
				CLANG_WARN_CONSTANT_CONVERSION = YES;
				CLANG_WARN_DIRECT_OBJC_ISA_USAGE = YES_ERROR;
				CLANG_WARN_EMPTY_BODY = YES;
				CLANG_WARN_ENUM_CONVERSION = YES;
				CLANG_WARN_INT_CONVERSION = YES;
				CLANG_WARN_OBJC_ROOT_CLASS = YES_ERROR;
				CLANG_WARN_UNREACHABLE_CODE = YES;
				CLANG_WARN__DUPLICATE_METHOD_MATCH = YES;
				"CODE_SIGN_IDENTITY[sdk=iphoneos*]" = "iPhone Developer";
				COPY_PHASE_STRIP = NO;
				DEBUG_INFORMATION_FORMAT = "dwarf-with-dsym";
				ENABLE_NS_ASSERTIONS = NO;
				ENABLE_STRICT_OBJC_MSGSEND = YES;
				GCC_C_LANGUAGE_STANDARD = gnu99;
				GCC_NO_COMMON_BLOCKS = YES;
				GCC_WARN_64_TO_32_BIT_CONVERSION = YES;
				GCC_WARN_ABOUT_RETURN_TYPE = YES_ERROR;
				GCC_WARN_UNDECLARED_SELECTOR = YES;
				GCC_WARN_UNINITIALIZED_AUTOS = YES_AGGRESSIVE;
				GCC_WARN_UNUSED_FUNCTION = YES;
				GCC_WARN_UNUSED_VARIABLE = YES;
				IPHONEOS_DEPLOYMENT_TARGET = 9.0;
				MTL_ENABLE_DEBUG_INFO = NO;
				SDKROOT = iphoneos;
				SWIFT_OPTIMIZATION_LEVEL = "-Onone";
				TARGETED_DEVICE_FAMILY = "1,2";
				VALIDATE_PRODUCT = YES;
			};
			name = Release;
		};
		037F2F111C61000000E971DB /* Debug */ = {
			isa = XCBuildConfiguration;
			buildSettings = {
				ASSETCATALOG_COMPILER_APPICON_NAME = "AppIcon-1";
				CLANG_ENABLE_MODULES = YES;
				CODE_SIGN_IDENTITY = "iPhone Developer";
				"CODE_SIGN_IDENTITY[sdk=iphoneos*]" = "iPhone Developer";
				DEFINES_MODULE = YES;
				ENABLE_TESTABILITY = YES;
				FRAMEWORK_SEARCH_PATHS = (
					"$(inherited)",
					"$(PROJECT_DIR)/**",
					"$(SRCROOT)/**",
					"$(PROJECT_DIR)/Frameworks",
					"$(PROJECT_DIR)",
				);
				INFOPLIST_FILE = ChurchFinder/Info.plist;
				IPHONEOS_DEPLOYMENT_TARGET = 9.0;
				LD_RUNPATH_SEARCH_PATHS = "$(inherited) @executable_path/Frameworks";
				PRODUCT_BUNDLE_IDENTIFIER = "com.seriousllama.church-finder";
				PRODUCT_NAME = "$(TARGET_NAME)";
				PROVISIONING_PROFILE = "";
				SWIFT_OPTIMIZATION_LEVEL = "-Onone";
				TARGETED_DEVICE_FAMILY = 1;
			};
			name = Debug;
		};
		037F2F121C61000000E971DB /* Release */ = {
			isa = XCBuildConfiguration;
			buildSettings = {
				ASSETCATALOG_COMPILER_APPICON_NAME = "AppIcon-1";
				CLANG_ENABLE_MODULES = YES;
				CODE_SIGN_IDENTITY = "iPhone Developer";
				"CODE_SIGN_IDENTITY[sdk=iphoneos*]" = "iPhone Developer";
				DEFINES_MODULE = YES;
				ENABLE_TESTABILITY = YES;
				FRAMEWORK_SEARCH_PATHS = (
					"$(inherited)",
					"$(PROJECT_DIR)",
					"$(SRCROOT)/**",
					"$(PROJECT_DIR)/Frameworks",
				);
				INFOPLIST_FILE = ChurchFinder/Info.plist;
				IPHONEOS_DEPLOYMENT_TARGET = 9.0;
				LD_RUNPATH_SEARCH_PATHS = "$(inherited) @executable_path/Frameworks";
				PRODUCT_BUNDLE_IDENTIFIER = "com.seriousllama.church-finder";
				PRODUCT_NAME = "$(TARGET_NAME)";
				PROVISIONING_PROFILE = "";
				TARGETED_DEVICE_FAMILY = 1;
			};
			name = Release;
		};
		037F2F141C61000000E971DB /* Debug */ = {
			isa = XCBuildConfiguration;
			buildSettings = {
				BUNDLE_LOADER = "$(TEST_HOST)";
				FRAMEWORK_SEARCH_PATHS = (
					"$(SDKROOT)/Developer/Library/Frameworks",
					"$(inherited)",
					"$(PROJECT_DIR)",
				);
				GCC_PREPROCESSOR_DEFINITIONS = (
					"DEBUG=1",
					"$(inherited)",
				);
				INFOPLIST_FILE = ChurchFinderTests/Info.plist;
				LD_RUNPATH_SEARCH_PATHS = "$(inherited) @executable_path/Frameworks @loader_path/Frameworks";
				PRODUCT_BUNDLE_IDENTIFIER = "gcc.edu.$(PRODUCT_NAME:rfc1034identifier)";
				PRODUCT_NAME = "$(TARGET_NAME)";
				TEST_HOST = "$(BUILT_PRODUCTS_DIR)/ChurchFinder.app/ChurchFinder";
			};
			name = Debug;
		};
		037F2F151C61000000E971DB /* Release */ = {
			isa = XCBuildConfiguration;
			buildSettings = {
				BUNDLE_LOADER = "$(TEST_HOST)";
				FRAMEWORK_SEARCH_PATHS = (
					"$(SDKROOT)/Developer/Library/Frameworks",
					"$(inherited)",
					"$(PROJECT_DIR)",
				);
				INFOPLIST_FILE = ChurchFinderTests/Info.plist;
				LD_RUNPATH_SEARCH_PATHS = "$(inherited) @executable_path/Frameworks @loader_path/Frameworks";
				PRODUCT_BUNDLE_IDENTIFIER = "gcc.edu.$(PRODUCT_NAME:rfc1034identifier)";
				PRODUCT_NAME = "$(TARGET_NAME)";
				TEST_HOST = "$(BUILT_PRODUCTS_DIR)/ChurchFinder.app/ChurchFinder";
			};
			name = Release;
		};
		26C0BB9C1CC6588C006DAFE6 /* Debug */ = {
			isa = XCBuildConfiguration;
			buildSettings = {
				CLANG_ANALYZER_NONNULL = YES;
				CODE_SIGN_IDENTITY = "iPhone Developer";
				"CODE_SIGN_IDENTITY[sdk=watchos*]" = "iPhone Developer";
				DEBUG_INFORMATION_FORMAT = dwarf;
				INFOPLIST_FILE = "ChurchWatch Extension/Info.plist";
				LD_RUNPATH_SEARCH_PATHS = "$(inherited) @executable_path/Frameworks @executable_path/../../Frameworks";
				PRODUCT_BUNDLE_IDENTIFIER = "com.seriousllama.church-finder.watchkitapp.watchkitextension";
				PRODUCT_NAME = "${TARGET_NAME}";
				PROVISIONING_PROFILE = "";
				SDKROOT = watchos;
				SKIP_INSTALL = YES;
				TARGETED_DEVICE_FAMILY = 4;
				WATCHOS_DEPLOYMENT_TARGET = 2.2;
			};
			name = Debug;
		};
		26C0BB9D1CC6588C006DAFE6 /* Release */ = {
			isa = XCBuildConfiguration;
			buildSettings = {
				CLANG_ANALYZER_NONNULL = YES;
				CODE_SIGN_IDENTITY = "iPhone Developer";
				"CODE_SIGN_IDENTITY[sdk=watchos*]" = "iPhone Developer";
				INFOPLIST_FILE = "ChurchWatch Extension/Info.plist";
				LD_RUNPATH_SEARCH_PATHS = "$(inherited) @executable_path/Frameworks @executable_path/../../Frameworks";
				PRODUCT_BUNDLE_IDENTIFIER = "com.seriousllama.church-finder.watchkitapp.watchkitextension";
				PRODUCT_NAME = "${TARGET_NAME}";
				PROVISIONING_PROFILE = "";
				SDKROOT = watchos;
				SKIP_INSTALL = YES;
				TARGETED_DEVICE_FAMILY = 4;
				WATCHOS_DEPLOYMENT_TARGET = 2.2;
			};
			name = Release;
		};
		26C0BBA01CC6588C006DAFE6 /* Debug */ = {
			isa = XCBuildConfiguration;
			buildSettings = {
				CLANG_ANALYZER_NONNULL = YES;
				CODE_SIGN_IDENTITY = "iPhone Developer";
				"CODE_SIGN_IDENTITY[sdk=iphoneos*]" = "iPhone Developer";
				"CODE_SIGN_IDENTITY[sdk=watchos*]" = "iPhone Developer";
				DEBUG_INFORMATION_FORMAT = dwarf;
				EMBEDDED_CONTENT_CONTAINS_SWIFT = YES;
				IBSC_MODULE = ChurchWatch_Extension;
				INFOPLIST_FILE = ChurchWatch/Info.plist;
				PRODUCT_BUNDLE_IDENTIFIER = "com.seriousllama.church-finder.watchkitapp";
				PRODUCT_NAME = "$(TARGET_NAME)";
				PROVISIONING_PROFILE = "";
				SDKROOT = watchos;
				SKIP_INSTALL = YES;
				TARGETED_DEVICE_FAMILY = 4;
				WATCHOS_DEPLOYMENT_TARGET = 2.2;
			};
			name = Debug;
		};
		26C0BBA11CC6588C006DAFE6 /* Release */ = {
			isa = XCBuildConfiguration;
			buildSettings = {
				CLANG_ANALYZER_NONNULL = YES;
				CODE_SIGN_IDENTITY = "iPhone Developer";
				"CODE_SIGN_IDENTITY[sdk=iphoneos*]" = "iPhone Developer";
				"CODE_SIGN_IDENTITY[sdk=watchos*]" = "iPhone Developer";
				EMBEDDED_CONTENT_CONTAINS_SWIFT = YES;
				IBSC_MODULE = ChurchWatch_Extension;
				INFOPLIST_FILE = ChurchWatch/Info.plist;
				PRODUCT_BUNDLE_IDENTIFIER = "com.seriousllama.church-finder.watchkitapp";
				PRODUCT_NAME = "$(TARGET_NAME)";
				PROVISIONING_PROFILE = "";
				SDKROOT = watchos;
				SKIP_INSTALL = YES;
				TARGETED_DEVICE_FAMILY = 4;
				WATCHOS_DEPLOYMENT_TARGET = 2.2;
			};
			name = Release;
		};
		75EA093C1C82271300EC90F2 /* Debug */ = {
			isa = XCBuildConfiguration;
			buildSettings = {
				DEBUG_INFORMATION_FORMAT = dwarf;
				FRAMEWORK_SEARCH_PATHS = (
					"$(inherited)",
					"$(PROJECT_DIR)",
				);
				INFOPLIST_FILE = ChurchFinderUITests/Info.plist;
				IPHONEOS_DEPLOYMENT_TARGET = 9.2;
				LD_RUNPATH_SEARCH_PATHS = "$(inherited) @executable_path/Frameworks @loader_path/Frameworks";
				PRODUCT_BUNDLE_IDENTIFIER = edu.gcc.ChurchFinderUITests;
				PRODUCT_NAME = "$(TARGET_NAME)";
				TEST_TARGET_NAME = ChurchFinder;
				USES_XCTRUNNER = YES;
			};
			name = Debug;
		};
		75EA093D1C82271300EC90F2 /* Release */ = {
			isa = XCBuildConfiguration;
			buildSettings = {
				FRAMEWORK_SEARCH_PATHS = (
					"$(inherited)",
					"$(PROJECT_DIR)",
				);
				INFOPLIST_FILE = ChurchFinderUITests/Info.plist;
				IPHONEOS_DEPLOYMENT_TARGET = 9.2;
				LD_RUNPATH_SEARCH_PATHS = "$(inherited) @executable_path/Frameworks @loader_path/Frameworks";
				PRODUCT_BUNDLE_IDENTIFIER = edu.gcc.ChurchFinderUITests;
				PRODUCT_NAME = "$(TARGET_NAME)";
				TEST_TARGET_NAME = ChurchFinder;
				USES_XCTRUNNER = YES;
			};
			name = Release;
		};
/* End XCBuildConfiguration section */

/* Begin XCConfigurationList section */
		037F2EEA1C61000000E971DB /* Build configuration list for PBXProject "ChurchFinder" */ = {
			isa = XCConfigurationList;
			buildConfigurations = (
				037F2F0E1C61000000E971DB /* Debug */,
				037F2F0F1C61000000E971DB /* Release */,
			);
			defaultConfigurationIsVisible = 0;
			defaultConfigurationName = Release;
		};
		037F2F101C61000000E971DB /* Build configuration list for PBXNativeTarget "ChurchFinder" */ = {
			isa = XCConfigurationList;
			buildConfigurations = (
				037F2F111C61000000E971DB /* Debug */,
				037F2F121C61000000E971DB /* Release */,
			);
			defaultConfigurationIsVisible = 0;
			defaultConfigurationName = Release;
		};
		037F2F131C61000000E971DB /* Build configuration list for PBXNativeTarget "ChurchFinderTests" */ = {
			isa = XCConfigurationList;
			buildConfigurations = (
				037F2F141C61000000E971DB /* Debug */,
				037F2F151C61000000E971DB /* Release */,
			);
			defaultConfigurationIsVisible = 0;
			defaultConfigurationName = Release;
		};
		26C0BB9B1CC6588C006DAFE6 /* Build configuration list for PBXNativeTarget "ChurchWatch Extension" */ = {
			isa = XCConfigurationList;
			buildConfigurations = (
				26C0BB9C1CC6588C006DAFE6 /* Debug */,
				26C0BB9D1CC6588C006DAFE6 /* Release */,
			);
			defaultConfigurationIsVisible = 0;
			defaultConfigurationName = Release;
		};
		26C0BB9F1CC6588C006DAFE6 /* Build configuration list for PBXNativeTarget "ChurchWatch" */ = {
			isa = XCConfigurationList;
			buildConfigurations = (
				26C0BBA01CC6588C006DAFE6 /* Debug */,
				26C0BBA11CC6588C006DAFE6 /* Release */,
			);
			defaultConfigurationIsVisible = 0;
			defaultConfigurationName = Release;
		};
		75EA093B1C82271300EC90F2 /* Build configuration list for PBXNativeTarget "ChurchFinderUITests" */ = {
			isa = XCConfigurationList;
			buildConfigurations = (
				75EA093C1C82271300EC90F2 /* Debug */,
				75EA093D1C82271300EC90F2 /* Release */,
			);
			defaultConfigurationIsVisible = 0;
			defaultConfigurationName = Release;
		};
/* End XCConfigurationList section */
	};
	rootObject = 037F2EE71C61000000E971DB /* Project object */;
}
