// !$*UTF8*$!
{
	archiveVersion = 1;
	classes = {
	};
	objectVersion = 46;
	objects = {

/* Begin PBXBuildFile section */
		034E15FC1C7C9ED0004AD878 /* AppDelegate.swift in Sources */ = {isa = PBXBuildFile; fileRef = 034E15FB1C7C9ED0004AD878 /* AppDelegate.swift */; };
		034E16011C7C9F9D004AD878 /* FilterTableViewController.swift in Sources */ = {isa = PBXBuildFile; fileRef = 034E15FD1C7C9F9D004AD878 /* FilterTableViewController.swift */; };
		034E16031C7C9F9D004AD878 /* MapViewController.swift in Sources */ = {isa = PBXBuildFile; fileRef = 034E15FF1C7C9F9D004AD878 /* MapViewController.swift */; };
		034E16041C7C9F9D004AD878 /* SecondViewController.swift in Sources */ = {isa = PBXBuildFile; fileRef = 034E16001C7C9F9D004AD878 /* SecondViewController.swift */; };
		034E16061C7CAC1F004AD878 /* FilterViewCell.swift in Sources */ = {isa = PBXBuildFile; fileRef = 034E16051C7CAC1F004AD878 /* FilterViewCell.swift */; };
		037F2EFC1C61000000E971DB /* Main.storyboard in Resources */ = {isa = PBXBuildFile; fileRef = 037F2EFA1C61000000E971DB /* Main.storyboard */; };
		037F2EFE1C61000000E971DB /* Images.xcassets in Resources */ = {isa = PBXBuildFile; fileRef = 037F2EFD1C61000000E971DB /* Images.xcassets */; };
		037F2F011C61000000E971DB /* LaunchScreen.xib in Resources */ = {isa = PBXBuildFile; fileRef = 037F2EFF1C61000000E971DB /* LaunchScreen.xib */; };
		037F2F0D1C61000000E971DB /* ChurchFinderTests.swift in Sources */ = {isa = PBXBuildFile; fileRef = 037F2F0C1C61000000E971DB /* ChurchFinderTests.swift */; };
		037F2F171C6106A600E971DB /* ListViewController.swift in Sources */ = {isa = PBXBuildFile; fileRef = 037F2F161C6106A600E971DB /* ListViewController.swift */; };
		037F2F191C61087400E971DB /* ChurchListCell.swift in Sources */ = {isa = PBXBuildFile; fileRef = 037F2F181C61087400E971DB /* ChurchListCell.swift */; };
		371EB5EF1C7CC0CF0092A1B9 /* Global.swift in Sources */ = {isa = PBXBuildFile; fileRef = 371EB5EE1C7CC0CF0092A1B9 /* Global.swift */; };
		373719C61C7C1EEF001A21B0 /* libsqlite3.tbd in Frameworks */ = {isa = PBXBuildFile; fileRef = 37FE8D431C6E213E00482663 /* libsqlite3.tbd */; };
		373719C71C7C1EEF001A21B0 /* libz.tbd in Frameworks */ = {isa = PBXBuildFile; fileRef = 37FE8D411C6E213400482663 /* libz.tbd */; };
		373719C81C7C1EEF001A21B0 /* SystemConfiguration.framework in Frameworks */ = {isa = PBXBuildFile; fileRef = 37FE8D3F1C6E211B00482663 /* SystemConfiguration.framework */; };
		373719C91C7C1EEF001A21B0 /* StoreKit.framework in Frameworks */ = {isa = PBXBuildFile; fileRef = 37FE8D3D1C6E210F00482663 /* StoreKit.framework */; };
		373719CA1C7C1EEF001A21B0 /* Security.framework in Frameworks */ = {isa = PBXBuildFile; fileRef = 37FE8D3B1C6E210800482663 /* Security.framework */; };
		373719CB1C7C1EEF001A21B0 /* QuartzCore.framework in Frameworks */ = {isa = PBXBuildFile; fileRef = 37FE8D391C6E20FF00482663 /* QuartzCore.framework */; };
		373719CC1C7C1EEF001A21B0 /* CoreLocation.framework in Frameworks */ = {isa = PBXBuildFile; fileRef = 37FE8D371C6E20F600482663 /* CoreLocation.framework */; };
		373719CD1C7C1EEF001A21B0 /* CoreGraphics.framework in Frameworks */ = {isa = PBXBuildFile; fileRef = 37FE8D351C6E20EA00482663 /* CoreGraphics.framework */; };
		373719CE1C7C1EEF001A21B0 /* CFNetwork.framework in Frameworks */ = {isa = PBXBuildFile; fileRef = 37FE8D331C6E20E400482663 /* CFNetwork.framework */; };
		373719CF1C7C1EEF001A21B0 /* AudioToolbox.framework in Frameworks */ = {isa = PBXBuildFile; fileRef = 37FE8D311C6E20D500482663 /* AudioToolbox.framework */; };
		37FE8D321C6E20D500482663 /* AudioToolbox.framework in Frameworks */ = {isa = PBXBuildFile; fileRef = 37FE8D311C6E20D500482663 /* AudioToolbox.framework */; };
		37FE8D341C6E20E400482663 /* CFNetwork.framework in Frameworks */ = {isa = PBXBuildFile; fileRef = 37FE8D331C6E20E400482663 /* CFNetwork.framework */; };
		37FE8D361C6E20EA00482663 /* CoreGraphics.framework in Frameworks */ = {isa = PBXBuildFile; fileRef = 37FE8D351C6E20EA00482663 /* CoreGraphics.framework */; };
		37FE8D381C6E20F600482663 /* CoreLocation.framework in Frameworks */ = {isa = PBXBuildFile; fileRef = 37FE8D371C6E20F600482663 /* CoreLocation.framework */; };
		37FE8D3A1C6E20FF00482663 /* QuartzCore.framework in Frameworks */ = {isa = PBXBuildFile; fileRef = 37FE8D391C6E20FF00482663 /* QuartzCore.framework */; };
		37FE8D3C1C6E210800482663 /* Security.framework in Frameworks */ = {isa = PBXBuildFile; fileRef = 37FE8D3B1C6E210800482663 /* Security.framework */; };
		37FE8D3E1C6E210F00482663 /* StoreKit.framework in Frameworks */ = {isa = PBXBuildFile; fileRef = 37FE8D3D1C6E210F00482663 /* StoreKit.framework */; };
		37FE8D401C6E211B00482663 /* SystemConfiguration.framework in Frameworks */ = {isa = PBXBuildFile; fileRef = 37FE8D3F1C6E211B00482663 /* SystemConfiguration.framework */; };
		37FE8D421C6E213400482663 /* libz.tbd in Frameworks */ = {isa = PBXBuildFile; fileRef = 37FE8D411C6E213400482663 /* libz.tbd */; };
		37FE8D441C6E213E00482663 /* libsqlite3.tbd in Frameworks */ = {isa = PBXBuildFile; fileRef = 37FE8D431C6E213E00482663 /* libsqlite3.tbd */; };
		37FE8D4C1C6E281D00482663 /* ParseBackend.swift in Sources */ = {isa = PBXBuildFile; fileRef = 37FE8D4B1C6E281D00482663 /* ParseBackend.swift */; };
		75D436DE1C79108800F62108 /* DetailedViewController.swift in Sources */ = {isa = PBXBuildFile; fileRef = 75D436DD1C79108800F62108 /* DetailedViewController.swift */; };
		75D436EB1C79183700F62108 /* addressImage.png in Resources */ = {isa = PBXBuildFile; fileRef = 75D436E01C79183700F62108 /* addressImage.png */; };
		75D436EC1C79183700F62108 /* anywall_logo.png in Resources */ = {isa = PBXBuildFile; fileRef = 75D436E11C79183700F62108 /* anywall_logo.png */; };
		75D436ED1C79183700F62108 /* churches.jpg in Resources */ = {isa = PBXBuildFile; fileRef = 75D436E21C79183700F62108 /* churches.jpg */; };
		75D436EE1C79183700F62108 /* clocks.png in Resources */ = {isa = PBXBuildFile; fileRef = 75D436E31C79183700F62108 /* clocks.png */; };
		75D436EF1C79183700F62108 /* compass.png in Resources */ = {isa = PBXBuildFile; fileRef = 75D436E41C79183700F62108 /* compass.png */; };
		75D436F01C79183700F62108 /* infoImage.png in Resources */ = {isa = PBXBuildFile; fileRef = 75D436E51C79183700F62108 /* infoImage.png */; };
		75D436F11C79183700F62108 /* music.png in Resources */ = {isa = PBXBuildFile; fileRef = 75D436E61C79183700F62108 /* music.png */; };
		75D436F21C79183700F62108 /* shareImage.png in Resources */ = {isa = PBXBuildFile; fileRef = 75D436E71C79183700F62108 /* shareImage.png */; };
		75D436F31C79183700F62108 /* star-512.png in Resources */ = {isa = PBXBuildFile; fileRef = 75D436E81C79183700F62108 /* star-512.png */; };
		75D436F41C79183700F62108 /* star-xxl.png in Resources */ = {isa = PBXBuildFile; fileRef = 75D436E91C79183700F62108 /* star-xxl.png */; };
		75D436F51C79183700F62108 /* websiteImage.png in Resources */ = {isa = PBXBuildFile; fileRef = 75D436EA1C79183700F62108 /* websiteImage.png */; };
		75D436FB1C7A61B800F62108 /* backArrow.png in Resources */ = {isa = PBXBuildFile; fileRef = 75D436FA1C7A61B800F62108 /* backArrow.png */; };
		75EA090E1C7D347D00EC90F2 /* Bolts.framework in Frameworks */ = {isa = PBXBuildFile; fileRef = 75EA09081C7D347D00EC90F2 /* Bolts.framework */; };
		75EA090F1C7D347D00EC90F2 /* Parse.framework in Frameworks */ = {isa = PBXBuildFile; fileRef = 75EA09091C7D347D00EC90F2 /* Parse.framework */; };
		75EA09101C7D347D00EC90F2 /* ParseFacebookUtils.framework in Frameworks */ = {isa = PBXBuildFile; fileRef = 75EA090A1C7D347D00EC90F2 /* ParseFacebookUtils.framework */; };
		75EA09111C7D347D00EC90F2 /* ParseFacebookUtilsV4.framework in Frameworks */ = {isa = PBXBuildFile; fileRef = 75EA090B1C7D347D00EC90F2 /* ParseFacebookUtilsV4.framework */; };
		75EA09121C7D347D00EC90F2 /* ParseTwitterUtils.framework in Frameworks */ = {isa = PBXBuildFile; fileRef = 75EA090C1C7D347D00EC90F2 /* ParseTwitterUtils.framework */; };
		75EA09131C7D347D00EC90F2 /* ParseUI.framework in Frameworks */ = {isa = PBXBuildFile; fileRef = 75EA090D1C7D347D00EC90F2 /* ParseUI.framework */; };
/* End PBXBuildFile section */

/* Begin PBXContainerItemProxy section */
		037F2F071C61000000E971DB /* PBXContainerItemProxy */ = {
			isa = PBXContainerItemProxy;
			containerPortal = 037F2EE71C61000000E971DB /* Project object */;
			proxyType = 1;
			remoteGlobalIDString = 037F2EEE1C61000000E971DB;
			remoteInfo = ChurchFinder;
		};
/* End PBXContainerItemProxy section */

/* Begin PBXFileReference section */
		034E15FB1C7C9ED0004AD878 /* AppDelegate.swift */ = {isa = PBXFileReference; fileEncoding = 4; lastKnownFileType = sourcecode.swift; path = AppDelegate.swift; sourceTree = "<group>"; };
		034E15FD1C7C9F9D004AD878 /* FilterTableViewController.swift */ = {isa = PBXFileReference; fileEncoding = 4; lastKnownFileType = sourcecode.swift; path = FilterTableViewController.swift; sourceTree = "<group>"; };
		034E15FF1C7C9F9D004AD878 /* MapViewController.swift */ = {isa = PBXFileReference; fileEncoding = 4; lastKnownFileType = sourcecode.swift; path = MapViewController.swift; sourceTree = "<group>"; };
		034E16001C7C9F9D004AD878 /* SecondViewController.swift */ = {isa = PBXFileReference; fileEncoding = 4; lastKnownFileType = sourcecode.swift; path = SecondViewController.swift; sourceTree = "<group>"; };
		034E16051C7CAC1F004AD878 /* FilterViewCell.swift */ = {isa = PBXFileReference; fileEncoding = 4; lastKnownFileType = sourcecode.swift; path = FilterViewCell.swift; sourceTree = "<group>"; };
		037F2EEF1C61000000E971DB /* ChurchFinder.app */ = {isa = PBXFileReference; explicitFileType = wrapper.application; includeInIndex = 0; path = ChurchFinder.app; sourceTree = BUILT_PRODUCTS_DIR; };
		037F2EF31C61000000E971DB /* Info.plist */ = {isa = PBXFileReference; lastKnownFileType = text.plist.xml; path = Info.plist; sourceTree = "<group>"; };
		037F2EFB1C61000000E971DB /* Base */ = {isa = PBXFileReference; lastKnownFileType = file.storyboard; name = Base; path = Base.lproj/Main.storyboard; sourceTree = "<group>"; };
		037F2EFD1C61000000E971DB /* Images.xcassets */ = {isa = PBXFileReference; lastKnownFileType = folder.assetcatalog; path = Images.xcassets; sourceTree = "<group>"; };
		037F2F001C61000000E971DB /* Base */ = {isa = PBXFileReference; lastKnownFileType = file.xib; name = Base; path = Base.lproj/LaunchScreen.xib; sourceTree = "<group>"; };
		037F2F061C61000000E971DB /* ChurchFinderTests.xctest */ = {isa = PBXFileReference; explicitFileType = wrapper.cfbundle; includeInIndex = 0; path = ChurchFinderTests.xctest; sourceTree = BUILT_PRODUCTS_DIR; };
		037F2F0B1C61000000E971DB /* Info.plist */ = {isa = PBXFileReference; lastKnownFileType = text.plist.xml; path = Info.plist; sourceTree = "<group>"; };
		037F2F0C1C61000000E971DB /* ChurchFinderTests.swift */ = {isa = PBXFileReference; lastKnownFileType = sourcecode.swift; path = ChurchFinderTests.swift; sourceTree = "<group>"; };
		037F2F161C6106A600E971DB /* ListViewController.swift */ = {isa = PBXFileReference; fileEncoding = 4; lastKnownFileType = sourcecode.swift; path = ListViewController.swift; sourceTree = "<group>"; };
		037F2F181C61087400E971DB /* ChurchListCell.swift */ = {isa = PBXFileReference; fileEncoding = 4; lastKnownFileType = sourcecode.swift; path = ChurchListCell.swift; sourceTree = "<group>"; };
		371EB5EE1C7CC0CF0092A1B9 /* Global.swift */ = {isa = PBXFileReference; fileEncoding = 4; lastKnownFileType = sourcecode.swift; path = Global.swift; sourceTree = "<group>"; };
		37FE8D311C6E20D500482663 /* AudioToolbox.framework */ = {isa = PBXFileReference; lastKnownFileType = wrapper.framework; name = AudioToolbox.framework; path = System/Library/Frameworks/AudioToolbox.framework; sourceTree = SDKROOT; };
		37FE8D331C6E20E400482663 /* CFNetwork.framework */ = {isa = PBXFileReference; lastKnownFileType = wrapper.framework; name = CFNetwork.framework; path = System/Library/Frameworks/CFNetwork.framework; sourceTree = SDKROOT; };
		37FE8D351C6E20EA00482663 /* CoreGraphics.framework */ = {isa = PBXFileReference; lastKnownFileType = wrapper.framework; name = CoreGraphics.framework; path = System/Library/Frameworks/CoreGraphics.framework; sourceTree = SDKROOT; };
		37FE8D371C6E20F600482663 /* CoreLocation.framework */ = {isa = PBXFileReference; lastKnownFileType = wrapper.framework; name = CoreLocation.framework; path = System/Library/Frameworks/CoreLocation.framework; sourceTree = SDKROOT; };
		37FE8D391C6E20FF00482663 /* QuartzCore.framework */ = {isa = PBXFileReference; lastKnownFileType = wrapper.framework; name = QuartzCore.framework; path = System/Library/Frameworks/QuartzCore.framework; sourceTree = SDKROOT; };
		37FE8D3B1C6E210800482663 /* Security.framework */ = {isa = PBXFileReference; lastKnownFileType = wrapper.framework; name = Security.framework; path = System/Library/Frameworks/Security.framework; sourceTree = SDKROOT; };
		37FE8D3D1C6E210F00482663 /* StoreKit.framework */ = {isa = PBXFileReference; lastKnownFileType = wrapper.framework; name = StoreKit.framework; path = System/Library/Frameworks/StoreKit.framework; sourceTree = SDKROOT; };
		37FE8D3F1C6E211B00482663 /* SystemConfiguration.framework */ = {isa = PBXFileReference; lastKnownFileType = wrapper.framework; name = SystemConfiguration.framework; path = System/Library/Frameworks/SystemConfiguration.framework; sourceTree = SDKROOT; };
		37FE8D411C6E213400482663 /* libz.tbd */ = {isa = PBXFileReference; lastKnownFileType = "sourcecode.text-based-dylib-definition"; name = libz.tbd; path = usr/lib/libz.tbd; sourceTree = SDKROOT; };
		37FE8D431C6E213E00482663 /* libsqlite3.tbd */ = {isa = PBXFileReference; lastKnownFileType = "sourcecode.text-based-dylib-definition"; name = libsqlite3.tbd; path = usr/lib/libsqlite3.tbd; sourceTree = SDKROOT; };
		37FE8D4B1C6E281D00482663 /* ParseBackend.swift */ = {isa = PBXFileReference; fileEncoding = 4; lastKnownFileType = sourcecode.swift; path = ParseBackend.swift; sourceTree = "<group>"; };
		75D436DD1C79108800F62108 /* DetailedViewController.swift */ = {isa = PBXFileReference; fileEncoding = 4; lastKnownFileType = sourcecode.swift; path = DetailedViewController.swift; sourceTree = "<group>"; };
		75D436E01C79183700F62108 /* addressImage.png */ = {isa = PBXFileReference; lastKnownFileType = image.png; path = addressImage.png; sourceTree = "<group>"; };
		75D436E11C79183700F62108 /* anywall_logo.png */ = {isa = PBXFileReference; lastKnownFileType = image.png; path = anywall_logo.png; sourceTree = "<group>"; };
		75D436E21C79183700F62108 /* churches.jpg */ = {isa = PBXFileReference; lastKnownFileType = image.jpeg; path = churches.jpg; sourceTree = "<group>"; };
		75D436E31C79183700F62108 /* clocks.png */ = {isa = PBXFileReference; lastKnownFileType = image.png; path = clocks.png; sourceTree = "<group>"; };
		75D436E41C79183700F62108 /* compass.png */ = {isa = PBXFileReference; lastKnownFileType = image.png; path = compass.png; sourceTree = "<group>"; };
		75D436E51C79183700F62108 /* infoImage.png */ = {isa = PBXFileReference; lastKnownFileType = image.png; path = infoImage.png; sourceTree = "<group>"; };
		75D436E61C79183700F62108 /* music.png */ = {isa = PBXFileReference; lastKnownFileType = image.png; path = music.png; sourceTree = "<group>"; };
		75D436E71C79183700F62108 /* shareImage.png */ = {isa = PBXFileReference; lastKnownFileType = image.png; path = shareImage.png; sourceTree = "<group>"; };
		75D436E81C79183700F62108 /* star-512.png */ = {isa = PBXFileReference; lastKnownFileType = image.png; path = "star-512.png"; sourceTree = "<group>"; };
		75D436E91C79183700F62108 /* star-xxl.png */ = {isa = PBXFileReference; lastKnownFileType = image.png; path = "star-xxl.png"; sourceTree = "<group>"; };
		75D436EA1C79183700F62108 /* websiteImage.png */ = {isa = PBXFileReference; lastKnownFileType = image.png; path = websiteImage.png; sourceTree = "<group>"; };
		75D436FA1C7A61B800F62108 /* backArrow.png */ = {isa = PBXFileReference; lastKnownFileType = image.png; path = backArrow.png; sourceTree = "<group>"; };
		75EA09081C7D347D00EC90F2 /* Bolts.framework */ = {isa = PBXFileReference; lastKnownFileType = wrapper.framework; path = Bolts.framework; sourceTree = "<group>"; };
		75EA09091C7D347D00EC90F2 /* Parse.framework */ = {isa = PBXFileReference; lastKnownFileType = wrapper.framework; path = Parse.framework; sourceTree = "<group>"; };
		75EA090A1C7D347D00EC90F2 /* ParseFacebookUtils.framework */ = {isa = PBXFileReference; lastKnownFileType = wrapper.framework; path = ParseFacebookUtils.framework; sourceTree = "<group>"; };
		75EA090B1C7D347D00EC90F2 /* ParseFacebookUtilsV4.framework */ = {isa = PBXFileReference; lastKnownFileType = wrapper.framework; path = ParseFacebookUtilsV4.framework; sourceTree = "<group>"; };
		75EA090C1C7D347D00EC90F2 /* ParseTwitterUtils.framework */ = {isa = PBXFileReference; lastKnownFileType = wrapper.framework; path = ParseTwitterUtils.framework; sourceTree = "<group>"; };
		75EA090D1C7D347D00EC90F2 /* ParseUI.framework */ = {isa = PBXFileReference; lastKnownFileType = wrapper.framework; path = ParseUI.framework; sourceTree = "<group>"; };
/* End PBXFileReference section */

/* Begin PBXFrameworksBuildPhase section */
		037F2EEC1C61000000E971DB /* Frameworks */ = {
			isa = PBXFrameworksBuildPhase;
			buildActionMask = 2147483647;
			files = (
				37FE8D441C6E213E00482663 /* libsqlite3.tbd in Frameworks */,
				37FE8D421C6E213400482663 /* libz.tbd in Frameworks */,
				75EA09111C7D347D00EC90F2 /* ParseFacebookUtilsV4.framework in Frameworks */,
				37FE8D401C6E211B00482663 /* SystemConfiguration.framework in Frameworks */,
				75EA09121C7D347D00EC90F2 /* ParseTwitterUtils.framework in Frameworks */,
				37FE8D3E1C6E210F00482663 /* StoreKit.framework in Frameworks */,
				75EA09131C7D347D00EC90F2 /* ParseUI.framework in Frameworks */,
				37FE8D3C1C6E210800482663 /* Security.framework in Frameworks */,
				37FE8D3A1C6E20FF00482663 /* QuartzCore.framework in Frameworks */,
				37FE8D381C6E20F600482663 /* CoreLocation.framework in Frameworks */,
				37FE8D361C6E20EA00482663 /* CoreGraphics.framework in Frameworks */,
				75EA090E1C7D347D00EC90F2 /* Bolts.framework in Frameworks */,
				37FE8D341C6E20E400482663 /* CFNetwork.framework in Frameworks */,
				75EA090F1C7D347D00EC90F2 /* Parse.framework in Frameworks */,
				37FE8D321C6E20D500482663 /* AudioToolbox.framework in Frameworks */,
				75EA09101C7D347D00EC90F2 /* ParseFacebookUtils.framework in Frameworks */,
			);
			runOnlyForDeploymentPostprocessing = 0;
		};
		037F2F031C61000000E971DB /* Frameworks */ = {
			isa = PBXFrameworksBuildPhase;
			buildActionMask = 2147483647;
			files = (
				373719C61C7C1EEF001A21B0 /* libsqlite3.tbd in Frameworks */,
				373719C71C7C1EEF001A21B0 /* libz.tbd in Frameworks */,
				373719C81C7C1EEF001A21B0 /* SystemConfiguration.framework in Frameworks */,
				373719C91C7C1EEF001A21B0 /* StoreKit.framework in Frameworks */,
				373719CA1C7C1EEF001A21B0 /* Security.framework in Frameworks */,
				373719CB1C7C1EEF001A21B0 /* QuartzCore.framework in Frameworks */,
				373719CC1C7C1EEF001A21B0 /* CoreLocation.framework in Frameworks */,
				373719CD1C7C1EEF001A21B0 /* CoreGraphics.framework in Frameworks */,
				373719CE1C7C1EEF001A21B0 /* CFNetwork.framework in Frameworks */,
				373719CF1C7C1EEF001A21B0 /* AudioToolbox.framework in Frameworks */,
			);
			runOnlyForDeploymentPostprocessing = 0;
		};
/* End PBXFrameworksBuildPhase section */

/* Begin PBXGroup section */
		037F2EE61C61000000E971DB = {
			isa = PBXGroup;
			children = (
				037F2EF11C61000000E971DB /* ChurchFinder */,
				037F2F091C61000000E971DB /* ChurchFinderTests */,
				037F2EF01C61000000E971DB /* Products */,
				37FE8D241C6E1F4600482663 /* Framework */,
			);
			sourceTree = "<group>";
		};
		037F2EF01C61000000E971DB /* Products */ = {
			isa = PBXGroup;
			children = (
				037F2EEF1C61000000E971DB /* ChurchFinder.app */,
				037F2F061C61000000E971DB /* ChurchFinderTests.xctest */,
			);
			name = Products;
			sourceTree = "<group>";
		};
		037F2EF11C61000000E971DB /* ChurchFinder */ = {
			isa = PBXGroup;
			children = (
				371EB5EE1C7CC0CF0092A1B9 /* Global.swift */,
				37FE8D4B1C6E281D00482663 /* ParseBackend.swift */,
				034E16051C7CAC1F004AD878 /* FilterViewCell.swift */,
				034E15FD1C7C9F9D004AD878 /* FilterTableViewController.swift */,
				034E15FF1C7C9F9D004AD878 /* MapViewController.swift */,
				034E16001C7C9F9D004AD878 /* SecondViewController.swift */,
				034E15FB1C7C9ED0004AD878 /* AppDelegate.swift */,
				75D436DD1C79108800F62108 /* DetailedViewController.swift */,
				037F2EFA1C61000000E971DB /* Main.storyboard */,
				037F2F161C6106A600E971DB /* ListViewController.swift */,
				037F2F181C61087400E971DB /* ChurchListCell.swift */,
				037F2EFD1C61000000E971DB /* Images.xcassets */,
				037F2EFF1C61000000E971DB /* LaunchScreen.xib */,
				75D436DF1C79181600F62108 /* Pictures */,
				037F2EF21C61000000E971DB /* Supporting Files */,
			);
			path = ChurchFinder;
			sourceTree = "<group>";
		};
		037F2EF21C61000000E971DB /* Supporting Files */ = {
			isa = PBXGroup;
			children = (
				037F2EF31C61000000E971DB /* Info.plist */,
			);
			name = "Supporting Files";
			sourceTree = "<group>";
		};
		037F2F091C61000000E971DB /* ChurchFinderTests */ = {
			isa = PBXGroup;
			children = (
				037F2F0C1C61000000E971DB /* ChurchFinderTests.swift */,
				037F2F0A1C61000000E971DB /* Supporting Files */,
			);
			path = ChurchFinderTests;
			sourceTree = "<group>";
		};
		037F2F0A1C61000000E971DB /* Supporting Files */ = {
			isa = PBXGroup;
			children = (
				037F2F0B1C61000000E971DB /* Info.plist */,
			);
			name = "Supporting Files";
			sourceTree = "<group>";
		};
		37FE8D241C6E1F4600482663 /* Framework */ = {
			isa = PBXGroup;
			children = (
				75EA09081C7D347D00EC90F2 /* Bolts.framework */,
				75EA09091C7D347D00EC90F2 /* Parse.framework */,
				75EA090A1C7D347D00EC90F2 /* ParseFacebookUtils.framework */,
				75EA090B1C7D347D00EC90F2 /* ParseFacebookUtilsV4.framework */,
				75EA090C1C7D347D00EC90F2 /* ParseTwitterUtils.framework */,
				75EA090D1C7D347D00EC90F2 /* ParseUI.framework */,
				37FE8D431C6E213E00482663 /* libsqlite3.tbd */,
				37FE8D411C6E213400482663 /* libz.tbd */,
				37FE8D3F1C6E211B00482663 /* SystemConfiguration.framework */,
				37FE8D3D1C6E210F00482663 /* StoreKit.framework */,
				37FE8D3B1C6E210800482663 /* Security.framework */,
				37FE8D391C6E20FF00482663 /* QuartzCore.framework */,
				37FE8D371C6E20F600482663 /* CoreLocation.framework */,
				37FE8D351C6E20EA00482663 /* CoreGraphics.framework */,
				37FE8D331C6E20E400482663 /* CFNetwork.framework */,
				37FE8D311C6E20D500482663 /* AudioToolbox.framework */,
			);
			name = Framework;
			sourceTree = "<group>";
		};
		75D436DF1C79181600F62108 /* Pictures */ = {
			isa = PBXGroup;
			children = (
				75D436FA1C7A61B800F62108 /* backArrow.png */,
				75D436E01C79183700F62108 /* addressImage.png */,
				75D436E11C79183700F62108 /* anywall_logo.png */,
				75D436E21C79183700F62108 /* churches.jpg */,
				75D436E31C79183700F62108 /* clocks.png */,
				75D436E41C79183700F62108 /* compass.png */,
				75D436E51C79183700F62108 /* infoImage.png */,
				75D436E61C79183700F62108 /* music.png */,
				75D436E71C79183700F62108 /* shareImage.png */,
				75D436E81C79183700F62108 /* star-512.png */,
				75D436E91C79183700F62108 /* star-xxl.png */,
				75D436EA1C79183700F62108 /* websiteImage.png */,
			);
			name = Pictures;
			sourceTree = "<group>";
		};
/* End PBXGroup section */

/* Begin PBXNativeTarget section */
		037F2EEE1C61000000E971DB /* ChurchFinder */ = {
			isa = PBXNativeTarget;
			buildConfigurationList = 037F2F101C61000000E971DB /* Build configuration list for PBXNativeTarget "ChurchFinder" */;
			buildPhases = (
				037F2EEB1C61000000E971DB /* Sources */,
				037F2EEC1C61000000E971DB /* Frameworks */,
				037F2EED1C61000000E971DB /* Resources */,
			);
			buildRules = (
			);
			dependencies = (
			);
			name = ChurchFinder;
			productName = ChurchFinder;
			productReference = 037F2EEF1C61000000E971DB /* ChurchFinder.app */;
			productType = "com.apple.product-type.application";
		};
		037F2F051C61000000E971DB /* ChurchFinderTests */ = {
			isa = PBXNativeTarget;
			buildConfigurationList = 037F2F131C61000000E971DB /* Build configuration list for PBXNativeTarget "ChurchFinderTests" */;
			buildPhases = (
				037F2F021C61000000E971DB /* Sources */,
				037F2F031C61000000E971DB /* Frameworks */,
				037F2F041C61000000E971DB /* Resources */,
			);
			buildRules = (
			);
			dependencies = (
				037F2F081C61000000E971DB /* PBXTargetDependency */,
			);
			name = ChurchFinderTests;
			productName = ChurchFinderTests;
			productReference = 037F2F061C61000000E971DB /* ChurchFinderTests.xctest */;
			productType = "com.apple.product-type.bundle.unit-test";
		};
/* End PBXNativeTarget section */

/* Begin PBXProject section */
		037F2EE71C61000000E971DB /* Project object */ = {
			isa = PBXProject;
			attributes = {
				LastSwiftUpdateCheck = 0720;
				LastUpgradeCheck = 0720;
				ORGANIZATIONNAME = "Michael Curtis";
				TargetAttributes = {
					037F2EEE1C61000000E971DB = {
						CreatedOnToolsVersion = 6.4;
						DevelopmentTeam = 74YMV2J9D7;
					};
					037F2F051C61000000E971DB = {
						CreatedOnToolsVersion = 6.4;
						TestTargetID = 037F2EEE1C61000000E971DB;
					};
				};
			};
			buildConfigurationList = 037F2EEA1C61000000E971DB /* Build configuration list for PBXProject "ChurchFinder" */;
			compatibilityVersion = "Xcode 3.2";
			developmentRegion = English;
			hasScannedForEncodings = 0;
			knownRegions = (
				en,
				Base,
			);
			mainGroup = 037F2EE61C61000000E971DB;
			productRefGroup = 037F2EF01C61000000E971DB /* Products */;
			projectDirPath = "";
			projectRoot = "";
			targets = (
				037F2EEE1C61000000E971DB /* ChurchFinder */,
				037F2F051C61000000E971DB /* ChurchFinderTests */,
			);
		};
/* End PBXProject section */

/* Begin PBXResourcesBuildPhase section */
		037F2EED1C61000000E971DB /* Resources */ = {
			isa = PBXResourcesBuildPhase;
			buildActionMask = 2147483647;
			files = (
				75D436ED1C79183700F62108 /* churches.jpg in Resources */,
				75D436EB1C79183700F62108 /* addressImage.png in Resources */,
				037F2EFC1C61000000E971DB /* Main.storyboard in Resources */,
				75D436F51C79183700F62108 /* websiteImage.png in Resources */,
				75D436F01C79183700F62108 /* infoImage.png in Resources */,
				037F2F011C61000000E971DB /* LaunchScreen.xib in Resources */,
				75D436F11C79183700F62108 /* music.png in Resources */,
				75D436F31C79183700F62108 /* star-512.png in Resources */,
				75D436EF1C79183700F62108 /* compass.png in Resources */,
				75D436F21C79183700F62108 /* shareImage.png in Resources */,
				75D436EE1C79183700F62108 /* clocks.png in Resources */,
				75D436FB1C7A61B800F62108 /* backArrow.png in Resources */,
				75D436EC1C79183700F62108 /* anywall_logo.png in Resources */,
				75D436F41C79183700F62108 /* star-xxl.png in Resources */,
				037F2EFE1C61000000E971DB /* Images.xcassets in Resources */,
			);
			runOnlyForDeploymentPostprocessing = 0;
		};
		037F2F041C61000000E971DB /* Resources */ = {
			isa = PBXResourcesBuildPhase;
			buildActionMask = 2147483647;
			files = (
			);
			runOnlyForDeploymentPostprocessing = 0;
		};
/* End PBXResourcesBuildPhase section */

/* Begin PBXSourcesBuildPhase section */
		037F2EEB1C61000000E971DB /* Sources */ = {
			isa = PBXSourcesBuildPhase;
			buildActionMask = 2147483647;
			files = (
				75D436DE1C79108800F62108 /* DetailedViewController.swift in Sources */,
				034E16011C7C9F9D004AD878 /* FilterTableViewController.swift in Sources */,
				034E16041C7C9F9D004AD878 /* SecondViewController.swift in Sources */,
				034E16061C7CAC1F004AD878 /* FilterViewCell.swift in Sources */,
				037F2F191C61087400E971DB /* ChurchListCell.swift in Sources */,
				37FE8D4C1C6E281D00482663 /* ParseBackend.swift in Sources */,
				034E15FC1C7C9ED0004AD878 /* AppDelegate.swift in Sources */,
				037F2F171C6106A600E971DB /* ListViewController.swift in Sources */,
				371EB5EF1C7CC0CF0092A1B9 /* Global.swift in Sources */,
				034E16031C7C9F9D004AD878 /* MapViewController.swift in Sources */,
			);
			runOnlyForDeploymentPostprocessing = 0;
		};
		037F2F021C61000000E971DB /* Sources */ = {
			isa = PBXSourcesBuildPhase;
			buildActionMask = 2147483647;
			files = (
				037F2F0D1C61000000E971DB /* ChurchFinderTests.swift in Sources */,
			);
			runOnlyForDeploymentPostprocessing = 0;
		};
/* End PBXSourcesBuildPhase section */

/* Begin PBXTargetDependency section */
		037F2F081C61000000E971DB /* PBXTargetDependency */ = {
			isa = PBXTargetDependency;
			target = 037F2EEE1C61000000E971DB /* ChurchFinder */;
			targetProxy = 037F2F071C61000000E971DB /* PBXContainerItemProxy */;
		};
/* End PBXTargetDependency section */

/* Begin PBXVariantGroup section */
		037F2EFA1C61000000E971DB /* Main.storyboard */ = {
			isa = PBXVariantGroup;
			children = (
				037F2EFB1C61000000E971DB /* Base */,
			);
			name = Main.storyboard;
			sourceTree = "<group>";
		};
		037F2EFF1C61000000E971DB /* LaunchScreen.xib */ = {
			isa = PBXVariantGroup;
			children = (
				037F2F001C61000000E971DB /* Base */,
			);
			name = LaunchScreen.xib;
			sourceTree = "<group>";
		};
/* End PBXVariantGroup section */

/* Begin XCBuildConfiguration section */
		037F2F0E1C61000000E971DB /* Debug */ = {
			isa = XCBuildConfiguration;
			buildSettings = {
				ALWAYS_SEARCH_USER_PATHS = NO;
				CLANG_CXX_LANGUAGE_STANDARD = "gnu++0x";
				CLANG_CXX_LIBRARY = "libc++";
				CLANG_ENABLE_MODULES = YES;
				CLANG_ENABLE_OBJC_ARC = YES;
				CLANG_WARN_BOOL_CONVERSION = YES;
				CLANG_WARN_CONSTANT_CONVERSION = YES;
				CLANG_WARN_DIRECT_OBJC_ISA_USAGE = YES_ERROR;
				CLANG_WARN_EMPTY_BODY = YES;
				CLANG_WARN_ENUM_CONVERSION = YES;
				CLANG_WARN_INT_CONVERSION = YES;
				CLANG_WARN_OBJC_ROOT_CLASS = YES_ERROR;
				CLANG_WARN_UNREACHABLE_CODE = YES;
				CLANG_WARN__DUPLICATE_METHOD_MATCH = YES;
				"CODE_SIGN_IDENTITY[sdk=iphoneos*]" = "iPhone Developer";
				COPY_PHASE_STRIP = NO;
				DEBUG_INFORMATION_FORMAT = "dwarf-with-dsym";
				ENABLE_STRICT_OBJC_MSGSEND = YES;
				ENABLE_TESTABILITY = YES;
				GCC_C_LANGUAGE_STANDARD = gnu99;
				GCC_DYNAMIC_NO_PIC = NO;
				GCC_NO_COMMON_BLOCKS = YES;
				GCC_OPTIMIZATION_LEVEL = 0;
				GCC_PREPROCESSOR_DEFINITIONS = (
					"DEBUG=1",
					"$(inherited)",
				);
				GCC_SYMBOLS_PRIVATE_EXTERN = NO;
				GCC_WARN_64_TO_32_BIT_CONVERSION = YES;
				GCC_WARN_ABOUT_RETURN_TYPE = YES_ERROR;
				GCC_WARN_UNDECLARED_SELECTOR = YES;
				GCC_WARN_UNINITIALIZED_AUTOS = YES_AGGRESSIVE;
				GCC_WARN_UNUSED_FUNCTION = YES;
				GCC_WARN_UNUSED_VARIABLE = YES;
				IPHONEOS_DEPLOYMENT_TARGET = 8.4;
				MTL_ENABLE_DEBUG_INFO = YES;
				ONLY_ACTIVE_ARCH = YES;
				SDKROOT = iphoneos;
				SWIFT_OPTIMIZATION_LEVEL = "-Onone";
				TARGETED_DEVICE_FAMILY = "1,2";
			};
			name = Debug;
		};
		037F2F0F1C61000000E971DB /* Release */ = {
			isa = XCBuildConfiguration;
			buildSettings = {
				ALWAYS_SEARCH_USER_PATHS = NO;
				CLANG_CXX_LANGUAGE_STANDARD = "gnu++0x";
				CLANG_CXX_LIBRARY = "libc++";
				CLANG_ENABLE_MODULES = YES;
				CLANG_ENABLE_OBJC_ARC = YES;
				CLANG_WARN_BOOL_CONVERSION = YES;
				CLANG_WARN_CONSTANT_CONVERSION = YES;
				CLANG_WARN_DIRECT_OBJC_ISA_USAGE = YES_ERROR;
				CLANG_WARN_EMPTY_BODY = YES;
				CLANG_WARN_ENUM_CONVERSION = YES;
				CLANG_WARN_INT_CONVERSION = YES;
				CLANG_WARN_OBJC_ROOT_CLASS = YES_ERROR;
				CLANG_WARN_UNREACHABLE_CODE = YES;
				CLANG_WARN__DUPLICATE_METHOD_MATCH = YES;
				"CODE_SIGN_IDENTITY[sdk=iphoneos*]" = "iPhone Developer";
				COPY_PHASE_STRIP = NO;
				DEBUG_INFORMATION_FORMAT = "dwarf-with-dsym";
				ENABLE_NS_ASSERTIONS = NO;
				ENABLE_STRICT_OBJC_MSGSEND = YES;
				GCC_C_LANGUAGE_STANDARD = gnu99;
				GCC_NO_COMMON_BLOCKS = YES;
				GCC_WARN_64_TO_32_BIT_CONVERSION = YES;
				GCC_WARN_ABOUT_RETURN_TYPE = YES_ERROR;
				GCC_WARN_UNDECLARED_SELECTOR = YES;
				GCC_WARN_UNINITIALIZED_AUTOS = YES_AGGRESSIVE;
				GCC_WARN_UNUSED_FUNCTION = YES;
				GCC_WARN_UNUSED_VARIABLE = YES;
				IPHONEOS_DEPLOYMENT_TARGET = 8.4;
				MTL_ENABLE_DEBUG_INFO = NO;
				SDKROOT = iphoneos;
				SWIFT_OPTIMIZATION_LEVEL = "-Onone";
				TARGETED_DEVICE_FAMILY = "1,2";
				VALIDATE_PRODUCT = YES;
			};
			name = Release;
		};
		037F2F111C61000000E971DB /* Debug */ = {
			isa = XCBuildConfiguration;
			buildSettings = {
				CLANG_ENABLE_MODULES = YES;
				CODE_SIGN_IDENTITY = "iPhone Developer";
				"CODE_SIGN_IDENTITY[sdk=iphoneos*]" = "iPhone Developer";
				ENABLE_TESTABILITY = YES;
				FRAMEWORK_SEARCH_PATHS = (
					"$(inherited)",
					"$(PROJECT_DIR)",
					"$(SRCROOT)/**",
				);
				INFOPLIST_FILE = ChurchFinder/Info.plist;
				LD_RUNPATH_SEARCH_PATHS = "$(inherited) @executable_path/Frameworks";
				PRODUCT_BUNDLE_IDENTIFIER = gcc.edu.SeriousLlama;
				PRODUCT_NAME = "$(TARGET_NAME)";
				PROVISIONING_PROFILE = "";
				SWIFT_OPTIMIZATION_LEVEL = "-Onone";
			};
			name = Debug;
		};
		037F2F121C61000000E971DB /* Release */ = {
			isa = XCBuildConfiguration;
			buildSettings = {
				CLANG_ENABLE_MODULES = YES;
				CODE_SIGN_IDENTITY = "iPhone Developer";
				"CODE_SIGN_IDENTITY[sdk=iphoneos*]" = "iPhone Developer";
				ENABLE_TESTABILITY = YES;
				FRAMEWORK_SEARCH_PATHS = (
					"$(inherited)",
					"$(PROJECT_DIR)",
					"$(SRCROOT)/**",
				);
				INFOPLIST_FILE = ChurchFinder/Info.plist;
				LD_RUNPATH_SEARCH_PATHS = "$(inherited) @executable_path/Frameworks";
				PRODUCT_BUNDLE_IDENTIFIER = gcc.edu.SeriousLlama;
				PRODUCT_NAME = "$(TARGET_NAME)";
				PROVISIONING_PROFILE = "";
			};
			name = Release;
		};
		037F2F141C61000000E971DB /* Debug */ = {
			isa = XCBuildConfiguration;
			buildSettings = {
				BUNDLE_LOADER = "$(TEST_HOST)";
				FRAMEWORK_SEARCH_PATHS = (
					"$(SDKROOT)/Developer/Library/Frameworks",
					"$(inherited)",
					"$(PROJECT_DIR)",
				);
				GCC_PREPROCESSOR_DEFINITIONS = (
					"DEBUG=1",
					"$(inherited)",
				);
				INFOPLIST_FILE = ChurchFinderTests/Info.plist;
				LD_RUNPATH_SEARCH_PATHS = "$(inherited) @executable_path/Frameworks @loader_path/Frameworks";
				PRODUCT_NAME = "$(TARGET_NAME)";
				TEST_HOST = "$(BUILT_PRODUCTS_DIR)/ChurchFinder.app/ChurchFinder";
			};
			name = Debug;
		};
		037F2F151C61000000E971DB /* Release */ = {
			isa = XCBuildConfiguration;
			buildSettings = {
				BUNDLE_LOADER = "$(TEST_HOST)";
				FRAMEWORK_SEARCH_PATHS = (
					"$(SDKROOT)/Developer/Library/Frameworks",
					"$(inherited)",
					"$(PROJECT_DIR)",
				);
				INFOPLIST_FILE = ChurchFinderTests/Info.plist;
				LD_RUNPATH_SEARCH_PATHS = "$(inherited) @executable_path/Frameworks @loader_path/Frameworks";
				PRODUCT_NAME = "$(TARGET_NAME)";
				TEST_HOST = "$(BUILT_PRODUCTS_DIR)/ChurchFinder.app/ChurchFinder";
			};
			name = Release;
		};
/* End XCBuildConfiguration section */

/* Begin XCConfigurationList section */
		037F2EEA1C61000000E971DB /* Build configuration list for PBXProject "ChurchFinder" */ = {
			isa = XCConfigurationList;
			buildConfigurations = (
				037F2F0E1C61000000E971DB /* Debug */,
				037F2F0F1C61000000E971DB /* Release */,
			);
			defaultConfigurationIsVisible = 0;
			defaultConfigurationName = Release;
		};
		037F2F101C61000000E971DB /* Build configuration list for PBXNativeTarget "ChurchFinder" */ = {
			isa = XCConfigurationList;
			buildConfigurations = (
				037F2F111C61000000E971DB /* Debug */,
				037F2F121C61000000E971DB /* Release */,
			);
			defaultConfigurationIsVisible = 0;
			defaultConfigurationName = Release;
		};
		037F2F131C61000000E971DB /* Build configuration list for PBXNativeTarget "ChurchFinderTests" */ = {
			isa = XCConfigurationList;
			buildConfigurations = (
				037F2F141C61000000E971DB /* Debug */,
				037F2F151C61000000E971DB /* Release */,
			);
			defaultConfigurationIsVisible = 0;
			defaultConfigurationName = Release;
		};
/* End XCConfigurationList section */
	};
	rootObject = 037F2EE71C61000000E971DB /* Project object */;
}
